// !$*UTF8*$!
{
	archiveVersion = 1;
	classes = {
	};
	objectVersion = 70;
	objects = {

/* Begin PBXBuildFile section */
		01FF500944CC4F14A6E163C4 /* FullApp/DoseModels.swift in Sources */ = {isa = PBXBuildFile; fileRef = 418F7D12D4A2473F800C75ED /* FullApp/DoseModels.swift */; };
		05D399B5B86749ACB9CD89BF /* FullApp/KeychainHelper.swift in Sources */ = {isa = PBXBuildFile; fileRef = 1BD7AD6DA76F4E548669A489 /* FullApp/KeychainHelper.swift */; };
		07D79FDC36E045FCB5590A15 /* TonightView.swift in Sources */ = {isa = PBXBuildFile; fileRef = 4E03D9DEC5D04B32AACF98BA /* TonightView.swift */; };
		0A777B0D5CC54803B060A980 /* UserSettingsManager.swift in Sources */ = {isa = PBXBuildFile; fileRef = BB4C5084D06D74163A5C71A9 /* UserSettingsManager.swift */; };
		11C08ABBAF24106F948991D3 /* HighContrastColors.swift in Sources */ = {isa = PBXBuildFile; fileRef = C64168860F0E76DF93919D76 /* HighContrastColors.swift */; };
		194E929BA46514E973F8ACEE /* WHOOPSettingsView.swift in Sources */ = {isa = PBXBuildFile; fileRef = 403FF1A5371F4BA427EC1520 /* WHOOPSettingsView.swift */; };
		1B86C969549644B2A31C /* DiagnosticLoggingSettingsView.swift in Sources */ = {isa = PBXBuildFile; fileRef = 237C573EA83946FE8AFC /* DiagnosticLoggingSettingsView.swift */; };
		1B95E3AD96741FD0E9FED120 /* Secrets.swift in Sources */ = {isa = PBXBuildFile; fileRef = D049AFCF96FC4AFF9120309E /* Secrets.swift */; };
		24CA1B0499D673C5227DA6EC /* SleepTimelineOverlays.swift in Sources */ = {isa = PBXBuildFile; fileRef = E0BC9035E4ACF20D1D40B9A9 /* SleepTimelineOverlays.swift */; };
		251486320D35FEA58E9D81CA /* EncryptedEventStorage.swift in Sources */ = {isa = PBXBuildFile; fileRef = FCC2762A054AE377C80CF2B0 /* EncryptedEventStorage.swift */; };
		270FF25D2FCE5D7505B259FB /* AutoExportService.swift in Sources */ = {isa = PBXBuildFile; fileRef = C5347FFF5FFC1A4A33C32C8D /* AutoExportService.swift */; };
		2F7B4009B1F4BB8976B7E89E /* SharedDoseState.swift in Sources */ = {isa = PBXBuildFile; fileRef = 4F45A7B56E2E0D80B5D5CBDD /* SharedDoseState.swift */; };
		36C1109C06A24E03A747B9E6 /* SessionSummaryViews.swift in Sources */ = {isa = PBXBuildFile; fileRef = AA0C7941006B40BEA391DD9A /* SessionSummaryViews.swift */; };
		40BDAEDF308A4508940C55F7 /* AlarmService.swift in Sources */ = {isa = PBXBuildFile; fileRef = 3E912715BD5C4BBAAA735378 /* AlarmService.swift */; };
		46EBB63DD7FE446C8EEF4021 /* AnalyticsService.swift in Sources */ = {isa = PBXBuildFile; fileRef = FCEDF0A0E4BE41F582C2221F /* AnalyticsService.swift */; };
		49BABB381D1350BB62368638 /* ReducedMotionSupport.swift in Sources */ = {isa = PBXBuildFile; fileRef = 4A3C6B3DB1EBBE10E2F3E7FB /* ReducedMotionSupport.swift */; };
		51117520922E2EF076DD4A81 /* DiagnosticExportView.swift in Sources */ = {isa = PBXBuildFile; fileRef = 2EF211068DBC684F390BC8F9 /* DiagnosticExportView.swift */; };
		54E3599B814B4ACFBD87EA6B /* FullApp/SetupWizardView.swift in Sources */ = {isa = PBXBuildFile; fileRef = 1CB34E7F86084B24991BD7CA /* FullApp/SetupWizardView.swift */; };
		5A7A4083ACC81A0C1659AF4B /* NightComparisonView.swift in Sources */ = {isa = PBXBuildFile; fileRef = B909173F1168B426E065A13A /* NightComparisonView.swift */; };
		626911F284B24C54BA73D7F8 /* SettingsView.swift in Sources */ = {isa = PBXBuildFile; fileRef = B358CDCA949364F93BD996D6 /* SettingsView.swift */; };
		SET001 /* SettingsSections.swift in Sources */ = {isa = PBXBuildFile; fileRef = SET101 /* SettingsSections.swift */; };
		SET002 /* SettingsActions.swift in Sources */ = {isa = PBXBuildFile; fileRef = SET102 /* SettingsActions.swift */; };
		68B3DB1D97734922B659 /* SleepPlanDetailView.swift in Sources */ = {isa = PBXBuildFile; fileRef = 576700D19A9F4B35BA54 /* SleepPlanDetailView.swift */; };
		74CB1E6BE7206ADBD4DD9C7F /* DoseTapIntents.swift in Sources */ = {isa = PBXBuildFile; fileRef = BDD477019FF746C3DB7E7EE7 /* DoseTapIntents.swift */; };
		75396BE379F85EF05DC1AEE6 /* WHOOPDataFetching.swift in Sources */ = {isa = PBXBuildFile; fileRef = 67D4EB39451985378B4E5D61 /* WHOOPDataFetching.swift */; };
		7C57BE36F02F850F7FE909C1 /* SecureLogger.swift in Sources */ = {isa = PBXBuildFile; fileRef = DED8B35BAB0493115DB99CA4 /* SecureLogger.swift */; };
		801008E9567E13B12BC52116 /* DatabaseSecurity.swift in Sources */ = {isa = PBXBuildFile; fileRef = 80B7FD26BB9CFDD4F25097AC /* DatabaseSecurity.swift */; };
		80D996622F5CFA280092DB29 /* Formatters.swift in Sources */ = {isa = PBXBuildFile; fileRef = 49D083E0EC7947B795F0DD57 /* Formatters.swift */; };
		80D996632F5CFA280092DB29 /* Formatters.swift in Sources */ = {isa = PBXBuildFile; fileRef = 49D083E0EC7947B795F0DD57 /* Formatters.swift */; };
		81A5CD7A3DD244DEB70FA0B2 /* EventStorage.swift in Sources */ = {isa = PBXBuildFile; fileRef = B5D8DC9D91D38419C97E97FA /* EventStorage.swift */; };
		837A745C7B9B471695166AEC /* CompactDoseButton.swift in Sources */ = {isa = PBXBuildFile; fileRef = 60E7491C7A9D4FDE812F4BFB /* CompactDoseButton.swift */; };
		8DA90A6B025231EACF48A8AD /* SecureConfig.swift in Sources */ = {isa = PBXBuildFile; fileRef = 7772A3ACA248F927B3008122 /* SecureConfig.swift */; };
		8E967A52E8644DF89EEF23B9 /* Formatters.swift in Sources */ = {isa = PBXBuildFile; fileRef = 49D083E0EC7947B795F0DD57 /* Formatters.swift */; };
		92518D93643945F4B64E860F /* SessionRepository.swift in Sources */ = {isa = PBXBuildFile; fileRef = 64641673735B464BB4E4B02F /* SessionRepository.swift */; };
		96A6B3D448ADF27325ED20CD /* DoseTapWidgets.swift in Sources */ = {isa = PBXBuildFile; fileRef = A5EC28B4CBE024116041F88A /* DoseTapWidgets.swift */; };
		A01 /* DoseTapApp.swift in Sources */ = {isa = PBXBuildFile; fileRef = B01 /* DoseTapApp.swift */; };
		A02 /* ContentView.swift in Sources */ = {isa = PBXBuildFile; fileRef = B02 /* ContentView.swift */; };
		A03 /* DoseCore in Frameworks */ = {isa = PBXBuildFile; productRef = P01 /* DoseCore */; };
		ACTB001 /* ActivityViewController.swift in Sources */ = {isa = PBXBuildFile; fileRef = ACTF001 /* ActivityViewController.swift */; };
		AD5F630A482E47B183CDE516 /* DetailsView.swift in Sources */ = {isa = PBXBuildFile; fileRef = D42A891F4758470783F7565F /* DetailsView.swift */; };
		APC001 /* AppContainer.swift in Sources */ = {isa = PBXBuildFile; fileRef = APC002 /* AppContainer.swift */; };
		ASSETSBUILD01 /* Assets.xcassets in Resources */ = {isa = PBXBuildFile; fileRef = ASSETS01 /* Assets.xcassets */; };
		B264C67A3D970638F91FC1ED /* UndoStateManager.swift in Sources */ = {isa = PBXBuildFile; fileRef = 7D7115779119154483A7838A /* UndoStateManager.swift */; };
		B3A59BFBC74549279C21803D /* SleepPlanCards.swift in Sources */ = {isa = PBXBuildFile; fileRef = B44F86E9E72D452CAFED6B16 /* SleepPlanCards.swift */; };
		B5040368A01046D0AA5193F1 /* QuickEventViews.swift in Sources */ = {isa = PBXBuildFile; fileRef = BEAE0B98FC8F48BAB6219546 /* QuickEventViews.swift */; };
		BC3BD8377E674DB98BB83F35 /* InsightsCalculator.swift in Sources */ = {isa = PBXBuildFile; fileRef = 6FEE161A09D6441A8D4448DA /* InsightsCalculator.swift */; };
		C0E47E55D0CB89F0CCE49C2A /* AppTheme.swift in Sources */ = {isa = PBXBuildFile; fileRef = C1FBB8D30211AB1F43A21D65 /* AppTheme.swift */; };
		C2E1898433FE4503AD4765DB /* CompactStatusCard.swift in Sources */ = {isa = PBXBuildFile; fileRef = 22B9CA2EF895428EA7912896 /* CompactStatusCard.swift */; };
		CAPB001 /* CapturePreviewSheet.swift in Sources */ = {isa = PBXBuildFile; fileRef = CAPF001 /* CapturePreviewSheet.swift */; };
		CLUST101 /* DashboardModels.swift in Sources */ = {isa = PBXBuildFile; fileRef = CLUST001 /* DashboardModels.swift */; };
		CLUST102 /* DashboardViews.swift in Sources */ = {isa = PBXBuildFile; fileRef = CLUST002 /* DashboardViews.swift */; };
		CLUST103 /* TimelineReviewViews.swift in Sources */ = {isa = PBXBuildFile; fileRef = CLUST003 /* TimelineReviewViews.swift */; };
		CLUST104 /* HistoryViews.swift in Sources */ = {isa = PBXBuildFile; fileRef = CLUST004 /* HistoryViews.swift */; };
		HIS001 /* HistorySelectedDayView.swift in Sources */ = {isa = PBXBuildFile; fileRef = HIS101 /* HistorySelectedDayView.swift */; };
		HIS002 /* HistorySessionListViews.swift in Sources */ = {isa = PBXBuildFile; fileRef = HIS102 /* HistorySessionListViews.swift */; };
		CLUST105 /* DeferredCloudKitSyncService.swift in Sources */ = {isa = PBXBuildFile; fileRef = CLUST005 /* DeferredCloudKitSyncService.swift */; };
		CLUST107 /* DashboardTypes.swift in Sources */ = {isa = PBXBuildFile; fileRef = CLUST106 /* DashboardTypes.swift */; };
		CLUST108 /* DashboardAnalyticsRefresh.swift in Sources */ = {isa = PBXBuildFile; fileRef = CLUST109 /* DashboardAnalyticsRefresh.swift */; };
		CLUST110 /* DashboardAnalyticsSupport.swift in Sources */ = {isa = PBXBuildFile; fileRef = CLUST111 /* DashboardAnalyticsSupport.swift */; };
		CLUST112 /* DashboardAnalyticsMetrics.swift in Sources */ = {isa = PBXBuildFile; fileRef = CLUST113 /* DashboardAnalyticsMetrics.swift */; };
		CLUST114 /* DashboardAnalyticsPreSleep.swift in Sources */ = {isa = PBXBuildFile; fileRef = CLUST115 /* DashboardAnalyticsPreSleep.swift */; };
		CLUST116 /* DashboardAnalyticsCatalog.swift in Sources */ = {isa = PBXBuildFile; fileRef = CLUST117 /* DashboardAnalyticsCatalog.swift */; };
		CLUST118 /* DashboardAnalyticsMorning.swift in Sources */ = {isa = PBXBuildFile; fileRef = CLUST119 /* DashboardAnalyticsMorning.swift */; };
		CLUST120 /* DashboardOverviewCards.swift in Sources */ = {isa = PBXBuildFile; fileRef = CLUST121 /* DashboardOverviewCards.swift */; };
		CLUST122 /* DashboardTrendCards.swift in Sources */ = {isa = PBXBuildFile; fileRef = CLUST123 /* DashboardTrendCards.swift */; };
		CLUST124 /* DashboardInsightCards.swift in Sources */ = {isa = PBXBuildFile; fileRef = CLUST125 /* DashboardInsightCards.swift */; };
		D2AFCB94D52D4B168AC1CAD6 /* EventLogger.swift in Sources */ = {isa = PBXBuildFile; fileRef = DD0E5B5C6E684F7796F9B9FC /* EventLogger.swift */; };
		D3796BF7DA596F5F9D63F096 /* TimeIntervalMath.swift in Sources */ = {isa = PBXBuildFile; fileRef = 12B2779FB31708024300E8E5 /* TimeIntervalMath.swift */; };
		D8746EA078A54AF7A8CE92B3 /* MorningCheckInView.swift in Sources */ = {isa = PBXBuildFile; fileRef = B3941DD4936B4FD0BD5A8837 /* MorningCheckInView.swift */; };
		MCI001 /* MorningCheckInModels.swift in Sources */ = {isa = PBXBuildFile; fileRef = MCI101 /* MorningCheckInModels.swift */; };
		MCI002 /* MorningCheckInViewModel.swift in Sources */ = {isa = PBXBuildFile; fileRef = MCI102 /* MorningCheckInViewModel.swift */; };
		MCI003 /* MorningCheckInViewModelSupport.swift in Sources */ = {isa = PBXBuildFile; fileRef = MCI103 /* MorningCheckInViewModelSupport.swift */; };
		MCI004 /* MorningCheckInWakeSurvey.swift in Sources */ = {isa = PBXBuildFile; fileRef = MCI104 /* MorningCheckInWakeSurvey.swift */; };
		MCI005 /* MorningCheckInSections.swift in Sources */ = {isa = PBXBuildFile; fileRef = MCI105 /* MorningCheckInSections.swift */; };
		D9B47E5F3E91E2F68102BA13 /* NightReviewView.swift in Sources */ = {isa = PBXBuildFile; fileRef = 8FABFEE0765C943A32E6ACC2 /* NightReviewView.swift */; };
		DAC001 /* DoseActionCoordinator.swift in Sources */ = {isa = PBXBuildFile; fileRef = DAC002 /* DoseActionCoordinator.swift */; };
		DD45B910AB7B414A9948C5A9 /* URLRouter.swift in Sources */ = {isa = PBXBuildFile; fileRef = D565C0B5A1804860B23307B9 /* URLRouter.swift */; };
		E3B41D5FFE162C7FC40E4FD4 /* AdaptiveLayouts.swift in Sources */ = {isa = PBXBuildFile; fileRef = 4ED119801E1E497EB929C45B /* AdaptiveLayouts.swift */; };
		E7EA21EC3FE949B3890BF69A /* FullApp/SetupWizardService.swift in Sources */ = {isa = PBXBuildFile; fileRef = D1BA2E6CCFB845E6BFC919FA /* FullApp/SetupWizardService.swift */; };
		EA02466EA69547DF963A8BA7 /* WHOOPService.swift in Sources */ = {isa = PBXBuildFile; fileRef = 7084981AA100483EB6E6ADE1 /* WHOOPService.swift */; };
		EDIT002 /* EditDoseTimeView.swift in Sources */ = {isa = PBXBuildFile; fileRef = EDIT001 /* EditDoseTimeView.swift */; };
		ESB001 /* EventStorage+Schema.swift in Sources */ = {isa = PBXBuildFile; fileRef = ESF001 /* EventStorage+Schema.swift */; };
		ESB002 /* EventStorage+Session.swift in Sources */ = {isa = PBXBuildFile; fileRef = ESF002 /* EventStorage+Session.swift */; };
		ESB003 /* EventStorage+Exports.swift in Sources */ = {isa = PBXBuildFile; fileRef = ESF003 /* EventStorage+Exports.swift */; };
		ESB004 /* EventStorage+EventStore.swift in Sources */ = {isa = PBXBuildFile; fileRef = ESF004 /* EventStorage+EventStore.swift */; };
		ESB005 /* StorageModels.swift in Sources */ = {isa = PBXBuildFile; fileRef = ESF005 /* StorageModels.swift */; };
		ESB009 /* StorageRecordModels.swift in Sources */ = {isa = PBXBuildFile; fileRef = ESF009 /* StorageRecordModels.swift */; };
		ESB006 /* EventStorage+Dose.swift in Sources */ = {isa = PBXBuildFile; fileRef = ESF006 /* EventStorage+Dose.swift */; };
		ESB007 /* EventStorage+PreSleep.swift in Sources */ = {isa = PBXBuildFile; fileRef = ESF007 /* EventStorage+PreSleep.swift */; };
		ESB008 /* EventStorage+Maintenance.swift in Sources */ = {isa = PBXBuildFile; fileRef = ESF008 /* EventStorage+Maintenance.swift */; };
		ESB021 /* EventStorage+MorningCheckIn.swift in Sources */ = {isa = PBXBuildFile; fileRef = ESF021 /* EventStorage+MorningCheckIn.swift */; };
		ESB022 /* EventStorage+CheckInSubmissions.swift in Sources */ = {isa = PBXBuildFile; fileRef = ESF022 /* EventStorage+CheckInSubmissions.swift */; };
		ESB023 /* EventStorage+SessionSupport.swift in Sources */ = {isa = PBXBuildFile; fileRef = ESF023 /* EventStorage+SessionSupport.swift */; };
		EVT001 /* EventType.swift in Sources */ = {isa = PBXBuildFile; fileRef = EVT002 /* EventType.swift */; };
		F3296BD6A65A57599A202642 /* InputValidator.swift in Sources */ = {isa = PBXBuildFile; fileRef = B1CBF59D219929011DD8A4A8 /* InputValidator.swift */; };
		F94248D37BBE47A5A2E90C9B /* PreSleepLogView.swift in Sources */ = {isa = PBXBuildFile; fileRef = BE3796A887B24D9FBBD40758 /* PreSleepLogView.swift */; };
		FC82425609210406E72373A8 /* FlicButtonService.swift in Sources */ = {isa = PBXBuildFile; fileRef = CFF67F0048CFBF2716448CC5 /* FlicButtonService.swift */; };
		FFCE63C8C666930BEE06D38F /* ThemeSettingsView.swift in Sources */ = {isa = PBXBuildFile; fileRef = 707FF265ADBBA04484376264 /* ThemeSettingsView.swift */; };
		HK001 /* HealthKitService.swift in Sources */ = {isa = PBXBuildFile; fileRef = HK002 /* HealthKitService.swift */; };
		HKP001 /* HealthKitProviding.swift in Sources */ = {isa = PBXBuildFile; fileRef = HKP002 /* HealthKitProviding.swift */; };
		NRV002 /* NightReviewHealthData.swift in Sources */ = {isa = PBXBuildFile; fileRef = NRV001 /* NightReviewHealthData.swift */; };
		NRV004 /* NightReviewExport.swift in Sources */ = {isa = PBXBuildFile; fileRef = NRV003 /* NightReviewExport.swift */; };
		NRV006 /* NightReviewPreSleep.swift in Sources */ = {isa = PBXBuildFile; fileRef = NRV005 /* NightReviewPreSleep.swift */; };
		NRV008 /* NightReviewMorning.swift in Sources */ = {isa = PBXBuildFile; fileRef = NRV007 /* NightReviewMorning.swift */; };
		NRV010 /* NightReviewSummary.swift in Sources */ = {isa = PBXBuildFile; fileRef = NRV009 /* NightReviewSummary.swift */; };
		PRIVBF01 /* PrivacyInfo.xcprivacy in Resources */ = {isa = PBXBuildFile; fileRef = PRIVFR01 /* PrivacyInfo.xcprivacy */; };
		PSL001 /* PreSleepLogComponents.swift in Sources */ = {isa = PBXBuildFile; fileRef = PSL002 /* PreSleepLogComponents.swift */; };
		PSL003 /* PreSleepLogTimingStressCard.swift in Sources */ = {isa = PBXBuildFile; fileRef = PSL004 /* PreSleepLogTimingStressCard.swift */; };
		PSL005 /* PreSleepLogBodySubstancesCard.swift in Sources */ = {isa = PBXBuildFile; fileRef = PSL006 /* PreSleepLogBodySubstancesCard.swift */; };
		PSL007 /* PreSleepLogActivityNapsCard.swift in Sources */ = {isa = PBXBuildFile; fileRef = PSL008 /* PreSleepLogActivityNapsCard.swift */; };
		SST001 /* SleepStageTimeline.swift in Sources */ = {isa = PBXBuildFile; fileRef = SST002 /* SleepStageTimeline.swift */; };
		SST003 /* SleepStageTimelineModels.swift in Sources */ = {isa = PBXBuildFile; fileRef = SST004 /* SleepStageTimelineModels.swift */; };
		SST005 /* SleepStageTimelineCards.swift in Sources */ = {isa = PBXBuildFile; fileRef = SST006 /* SleepStageTimelineCards.swift */; };
		SSV001 /* SessionSupportViews.swift in Sources */ = {isa = PBXBuildFile; fileRef = SSV002 /* SessionSupportViews.swift */; };
		SRQ001 /* SessionRepositoryQueries.swift in Sources */ = {isa = PBXBuildFile; fileRef = SRQ101 /* SessionRepositoryQueries.swift */; };
		SRQ002 /* SessionRepositoryMedication.swift in Sources */ = {isa = PBXBuildFile; fileRef = SRQ102 /* SessionRepositoryMedication.swift */; };
		SRQ003 /* SessionRepositoryCheckIn.swift in Sources */ = {isa = PBXBuildFile; fileRef = SRQ103 /* SessionRepositoryCheckIn.swift */; };
		SRQ004 /* SessionRepositorySchedule.swift in Sources */ = {isa = PBXBuildFile; fileRef = SRQ104 /* SessionRepositorySchedule.swift */; };
		SRQ006 /* SessionRepositorySync.swift in Sources */ = {isa = PBXBuildFile; fileRef = SRQ106 /* SessionRepositorySync.swift */; };
		SVS_BF01 /* HealthKitSettingsView.swift in Sources */ = {isa = PBXBuildFile; fileRef = SVS_FR01 /* HealthKitSettingsView.swift */; };
		SVS_BF02 /* AboutView.swift in Sources */ = {isa = PBXBuildFile; fileRef = SVS_FR02 /* AboutView.swift */; };
		SVS_BF03 /* EventCooldownSettingsView.swift in Sources */ = {isa = PBXBuildFile; fileRef = SVS_FR03 /* EventCooldownSettingsView.swift */; };
		SVS_BF04 /* DataManagementView.swift in Sources */ = {isa = PBXBuildFile; fileRef = SVS_FR04 /* DataManagementView.swift */; };
		SVS_BF05 /* QuickLogCustomizationView.swift in Sources */ = {isa = PBXBuildFile; fileRef = SVS_FR05 /* QuickLogCustomizationView.swift */; };
		SVS_BF06 /* SettingsHelpers.swift in Sources */ = {isa = PBXBuildFile; fileRef = SVS_FR06 /* SettingsHelpers.swift */; };
		SWZ001 /* FullApp/SetupWizardStepViews.swift in Sources */ = {isa = PBXBuildFile; fileRef = SWZ002 /* FullApp/SetupWizardStepViews.swift */; };
		SWZ003 /* FullApp/SetupWizardComponents.swift in Sources */ = {isa = PBXBuildFile; fileRef = SWZ004 /* FullApp/SetupWizardComponents.swift */; };
		TLR001 /* TimelineLiveCards.swift in Sources */ = {isa = PBXBuildFile; fileRef = TLR101 /* TimelineLiveCards.swift */; };
		TLR002 /* TimelineReviewCards.swift in Sources */ = {isa = PBXBuildFile; fileRef = TLR102 /* TimelineReviewCards.swift */; };
		TLR003 /* TimelineReviewSupport.swift in Sources */ = {isa = PBXBuildFile; fileRef = TLR103 /* TimelineReviewSupport.swift */; };
		UI_B01 /* DoseTapUITests.swift in Sources */ = {isa = PBXBuildFile; fileRef = UI_F01 /* DoseTapUITests.swift */; };
		UI_B02 /* DoseTapUITestsLaunchTests.swift in Sources */ = {isa = PBXBuildFile; fileRef = UI_F02 /* DoseTapUITestsLaunchTests.swift */; };
		UNDO003 /* UndoSnackbarView.swift in Sources */ = {isa = PBXBuildFile; fileRef = UNDO004 /* UndoSnackbarView.swift */; };
		UNDO005 /* MedicationSettingsView.swift in Sources */ = {isa = PBXBuildFile; fileRef = UNDO006 /* MedicationSettingsView.swift */; };
		UNDO007 /* MedicationPickerView.swift in Sources */ = {isa = PBXBuildFile; fileRef = UNDO008 /* MedicationPickerView.swift */; };
		WHM001 /* WHOOPModels.swift in Sources */ = {isa = PBXBuildFile; fileRef = WHM002 /* WHOOPModels.swift */; };
		WP001 /* WeeklyPlanner.swift in Sources */ = {isa = PBXBuildFile; fileRef = WP002 /* WeeklyPlanner.swift */; };
/* End PBXBuildFile section */

/* Begin PBXContainerItemProxy section */
		8017D5352EFCDF6A00BF9683 /* PBXContainerItemProxy */ = {
			isa = PBXContainerItemProxy;
			containerPortal = L01 /* Project object */;
			proxyType = 1;
			remoteGlobalIDString = H01;
			remoteInfo = DoseTap;
		};
		UI_PROXY01 /* PBXContainerItemProxy */ = {
			isa = PBXContainerItemProxy;
			containerPortal = L01 /* Project object */;
			proxyType = 1;
			remoteGlobalIDString = H01;
			remoteInfo = DoseTap;
		};
/* End PBXContainerItemProxy section */

/* Begin PBXFileReference section */
		12B2779FB31708024300E8E5 /* TimeIntervalMath.swift */ = {isa = PBXFileReference; includeInIndex = 1; lastKnownFileType = sourcecode.swift; path = TimeIntervalMath.swift; sourceTree = "<group>"; };
		15C51DD55054436BA1B68CD7 /* SupportBundleExport.swift */ = {isa = PBXFileReference; lastKnownFileType = sourcecode.swift; path = SupportBundleExport.swift; sourceTree = "<group>"; };
		1BD7AD6DA76F4E548669A489 /* FullApp/KeychainHelper.swift */ = {isa = PBXFileReference; lastKnownFileType = sourcecode.swift; path = FullApp/KeychainHelper.swift; sourceTree = "<group>"; };
		1CB34E7F86084B24991BD7CA /* FullApp/SetupWizardView.swift */ = {isa = PBXFileReference; lastKnownFileType = sourcecode.swift; path = FullApp/SetupWizardView.swift; sourceTree = "<group>"; };
		22B9CA2EF895428EA7912896 /* CompactStatusCard.swift */ = {isa = PBXFileReference; includeInIndex = 1; lastKnownFileType = sourcecode.swift; path = CompactStatusCard.swift; sourceTree = "<group>"; };
		237C573EA83946FE8AFC /* DiagnosticLoggingSettingsView.swift */ = {isa = PBXFileReference; lastKnownFileType = sourcecode.swift; path = DiagnosticLoggingSettingsView.swift; sourceTree = "<group>"; };
		2980209556A04B5F8CE5 /* DiagnosticLoggingSettingsView.swift */ = {isa = PBXFileReference; lastKnownFileType = sourcecode.swift; path = DiagnosticLoggingSettingsView.swift; sourceTree = "<group>"; };
		2EF211068DBC684F390BC8F9 /* DiagnosticExportView.swift */ = {isa = PBXFileReference; includeInIndex = 1; lastKnownFileType = sourcecode.swift; path = DiagnosticExportView.swift; sourceTree = "<group>"; };
		3E912715BD5C4BBAAA735378 /* AlarmService.swift */ = {isa = PBXFileReference; lastKnownFileType = sourcecode.swift; path = AlarmService.swift; sourceTree = "<group>"; };
		403FF1A5371F4BA427EC1520 /* WHOOPSettingsView.swift */ = {isa = PBXFileReference; includeInIndex = 1; lastKnownFileType = sourcecode.swift; path = WHOOPSettingsView.swift; sourceTree = "<group>"; };
		418F7D12D4A2473F800C75ED /* FullApp/DoseModels.swift */ = {isa = PBXFileReference; lastKnownFileType = sourcecode.swift; path = FullApp/DoseModels.swift; sourceTree = "<group>"; };
		49D083E0EC7947B795F0DD57 /* Formatters.swift */ = {isa = PBXFileReference; lastKnownFileType = sourcecode.swift; path = Formatters.swift; sourceTree = "<group>"; };
		4A3C6B3DB1EBBE10E2F3E7FB /* ReducedMotionSupport.swift */ = {isa = PBXFileReference; includeInIndex = 1; lastKnownFileType = sourcecode.swift; path = ReducedMotionSupport.swift; sourceTree = "<group>"; };
		4E03D9DEC5D04B32AACF98BA /* TonightView.swift */ = {isa = PBXFileReference; includeInIndex = 1; lastKnownFileType = sourcecode.swift; path = TonightView.swift; sourceTree = "<group>"; };
		4ED119801E1E497EB929C45B /* AdaptiveLayouts.swift */ = {isa = PBXFileReference; includeInIndex = 1; lastKnownFileType = sourcecode.swift; path = AdaptiveLayouts.swift; sourceTree = "<group>"; };
		4F45A7B56E2E0D80B5D5CBDD /* SharedDoseState.swift */ = {isa = PBXFileReference; lastKnownFileType = sourcecode.swift; path = SharedDoseState.swift; sourceTree = "<group>"; };
		576700D19A9F4B35BA54 /* SleepPlanDetailView.swift */ = {isa = PBXFileReference; lastKnownFileType = sourcecode.swift; path = SleepPlanDetailView.swift; sourceTree = "<group>"; };
		60E7491C7A9D4FDE812F4BFB /* CompactDoseButton.swift */ = {isa = PBXFileReference; includeInIndex = 1; lastKnownFileType = sourcecode.swift; path = CompactDoseButton.swift; sourceTree = "<group>"; };
		64641673735B464BB4E4B02F /* SessionRepository.swift */ = {isa = PBXFileReference; lastKnownFileType = sourcecode.swift; path = SessionRepository.swift; sourceTree = "<group>"; };
		67D4EB39451985378B4E5D61 /* WHOOPDataFetching.swift */ = {isa = PBXFileReference; includeInIndex = 1; lastKnownFileType = sourcecode.swift; path = WHOOPDataFetching.swift; sourceTree = "<group>"; };
		6CFBD921F6074479AF4FF155 /* LegacyJSONMigrator.swift */ = {isa = PBXFileReference; lastKnownFileType = sourcecode.swift; path = LegacyJSONMigrator.swift; sourceTree = "<group>"; };
		6FEE161A09D6441A8D4448DA /* InsightsCalculator.swift */ = {isa = PBXFileReference; lastKnownFileType = sourcecode.swift; path = InsightsCalculator.swift; sourceTree = "<group>"; };
		707FF265ADBBA04484376264 /* ThemeSettingsView.swift */ = {isa = PBXFileReference; includeInIndex = 1; lastKnownFileType = sourcecode.swift; path = ThemeSettingsView.swift; sourceTree = "<group>"; };
		7084981AA100483EB6E6ADE1 /* WHOOPService.swift */ = {isa = PBXFileReference; lastKnownFileType = sourcecode.swift; path = WHOOPService.swift; sourceTree = "<group>"; };
		7772A3ACA248F927B3008122 /* SecureConfig.swift */ = {isa = PBXFileReference; includeInIndex = 1; lastKnownFileType = sourcecode.swift; path = SecureConfig.swift; sourceTree = "<group>"; };
		7797EE7911D146B6A7456454 /* DoseTapStaging.app */ = {isa = PBXFileReference; explicitFileType = wrapper.application; includeInIndex = 0; path = DoseTapStaging.app; sourceTree = BUILT_PRODUCTS_DIR; };
		7D7115779119154483A7838A /* UndoStateManager.swift */ = {isa = PBXFileReference; includeInIndex = 1; lastKnownFileType = sourcecode.swift; path = UndoStateManager.swift; sourceTree = "<group>"; };
		8017D5312EFCDF6A00BF9683 /* DoseTapTests.xctest */ = {isa = PBXFileReference; explicitFileType = wrapper.cfbundle; includeInIndex = 0; path = DoseTapTests.xctest; sourceTree = BUILT_PRODUCTS_DIR; };
		80A27C7D2EFAC24D0005C000 /* DoseTap.entitlements */ = {isa = PBXFileReference; lastKnownFileType = text.plist.entitlements; path = DoseTap.entitlements; sourceTree = "<group>"; };
		80B7FD26BB9CFDD4F25097AC /* DatabaseSecurity.swift */ = {isa = PBXFileReference; includeInIndex = 1; lastKnownFileType = sourcecode.swift; path = DatabaseSecurity.swift; sourceTree = "<group>"; };
		8FABFEE0765C943A32E6ACC2 /* NightReviewView.swift */ = {isa = PBXFileReference; includeInIndex = 1; lastKnownFileType = sourcecode.swift; path = NightReviewView.swift; sourceTree = "<group>"; };
		A5EC28B4CBE024116041F88A /* DoseTapWidgets.swift */ = {isa = PBXFileReference; lastKnownFileType = sourcecode.swift; path = DoseTapWidgets.swift; sourceTree = "<group>"; };
		AA0C7941006B40BEA391DD9A /* SessionSummaryViews.swift */ = {isa = PBXFileReference; includeInIndex = 1; lastKnownFileType = sourcecode.swift; path = SessionSummaryViews.swift; sourceTree = "<group>"; };
		AAAAAAAA08C80B4B155C4F1F /* UndoSnackbar.swift */ = {isa = PBXFileReference; lastKnownFileType = sourcecode.swift; path = UndoSnackbar.swift; sourceTree = "<group>"; };
		AAAAAAAA0C2B781536614815 /* UndoManager.swift */ = {isa = PBXFileReference; lastKnownFileType = sourcecode.swift; path = UndoManager.swift; sourceTree = "<group>"; };
		AAAAAAAA180FECDFD1A34BF9 /* Views/MedicationPickerView.swift */ = {isa = PBXFileReference; lastKnownFileType = sourcecode.swift; path = Views/MedicationPickerView.swift; sourceTree = "<group>"; };
		AAAAAAAA228351A6B9254E54 /* TimeEngine.swift */ = {isa = PBXFileReference; lastKnownFileType = sourcecode.swift; path = TimeEngine.swift; sourceTree = "<group>"; };
		AAAAAAAA3BA639A7295F4A8B /* EventStoreAdapter.swift */ = {isa = PBXFileReference; lastKnownFileType = sourcecode.swift; path = EventStoreAdapter.swift; sourceTree = "<group>"; };
		AAAAAAAA4C47F79D20684073 /* AccessibilitySupport.swift */ = {isa = PBXFileReference; lastKnownFileType = sourcecode.swift; path = AccessibilitySupport.swift; sourceTree = "<group>"; };
		AAAAAAAA537A9EE417FC46A5 /* DashboardView.swift */ = {isa = PBXFileReference; lastKnownFileType = sourcecode.swift; path = DashboardView.swift; sourceTree = "<group>"; };
		AAAAAAAA5D81B00628A14F8E /* DoseTapCore.swift */ = {isa = PBXFileReference; lastKnownFileType = sourcecode.swift; path = DoseTapCore.swift; sourceTree = "<group>"; };
		AAAAAAAA79BDDCB8B8394A8C /* UndoStateManager.swift */ = {isa = PBXFileReference; lastKnownFileType = sourcecode.swift; path = UndoStateManager.swift; sourceTree = "<group>"; };
		AAAAAAAA7DFB77385FC541DB /* Views/PreSleepLogView.swift */ = {isa = PBXFileReference; lastKnownFileType = sourcecode.swift; path = Views/PreSleepLogView.swift; sourceTree = "<group>"; };
		AAAAAAAA9DBAF056AB1C49BC /* EventStore.swift */ = {isa = PBXFileReference; lastKnownFileType = sourcecode.swift; path = EventStore.swift; sourceTree = "<group>"; };
		AAAAAAAAA4A8D14140B649E4 /* Views/UndoSnackbarView.swift */ = {isa = PBXFileReference; lastKnownFileType = sourcecode.swift; path = Views/UndoSnackbarView.swift; sourceTree = "<group>"; };
		AAAAAAAADA901C7481C5490B /* Views/MorningCheckInView.swift */ = {isa = PBXFileReference; lastKnownFileType = sourcecode.swift; path = Views/MorningCheckInView.swift; sourceTree = "<group>"; };
		AAAAAAAADE3CE12CAC8D4F6A /* SnoozeController.swift */ = {isa = PBXFileReference; lastKnownFileType = sourcecode.swift; path = SnoozeController.swift; sourceTree = "<group>"; };
		AAAAAAAAE2F91D7AC1EF43C1 /* Views/MedicationSettingsView.swift */ = {isa = PBXFileReference; lastKnownFileType = sourcecode.swift; path = Views/MedicationSettingsView.swift; sourceTree = "<group>"; };
		AAAAAAAAF2660D49646040A0 /* OfflineQueue.swift */ = {isa = PBXFileReference; lastKnownFileType = sourcecode.swift; path = OfflineQueue.swift; sourceTree = "<group>"; };
		ACTF001 /* ActivityViewController.swift */ = {isa = PBXFileReference; lastKnownFileType = sourcecode.swift; path = ActivityViewController.swift; sourceTree = "<group>"; };
		APC002 /* AppContainer.swift */ = {isa = PBXFileReference; lastKnownFileType = sourcecode.swift; path = AppContainer.swift; sourceTree = "<group>"; };
		ASSETS01 /* Assets.xcassets */ = {isa = PBXFileReference; lastKnownFileType = folder.assetcatalog; path = Assets.xcassets; sourceTree = "<group>"; };
		B01 /* DoseTapApp.swift */ = {isa = PBXFileReference; lastKnownFileType = sourcecode.swift; path = DoseTapApp.swift; sourceTree = "<group>"; };
		B02 /* ContentView.swift */ = {isa = PBXFileReference; lastKnownFileType = sourcecode.swift; path = ContentView.swift; sourceTree = "<group>"; };
		B03 /* Info.plist */ = {isa = PBXFileReference; lastKnownFileType = text.plist.xml; path = Info.plist; sourceTree = "<group>"; };
		B0DBB25F0B4C46EAAFB4205A /* LegacyPersistentStore.swift */ = {isa = PBXFileReference; lastKnownFileType = sourcecode.swift; path = LegacyPersistentStore.swift; sourceTree = "<group>"; };
		B1CBF59D219929011DD8A4A8 /* InputValidator.swift */ = {isa = PBXFileReference; includeInIndex = 1; lastKnownFileType = sourcecode.swift; path = InputValidator.swift; sourceTree = "<group>"; };
		B358CDCA949364F93BD996D6 /* SettingsView.swift */ = {isa = PBXFileReference; lastKnownFileType = sourcecode.swift; path = SettingsView.swift; sourceTree = "<group>"; };
		SET101 /* SettingsSections.swift */ = {isa = PBXFileReference; lastKnownFileType = sourcecode.swift; path = SettingsSections.swift; sourceTree = "<group>"; };
		SET102 /* SettingsActions.swift */ = {isa = PBXFileReference; lastKnownFileType = sourcecode.swift; path = SettingsActions.swift; sourceTree = "<group>"; };
		B3941DD4936B4FD0BD5A8837 /* MorningCheckInView.swift */ = {isa = PBXFileReference; lastKnownFileType = sourcecode.swift; path = MorningCheckInView.swift; sourceTree = "<group>"; };
		MCI101 /* MorningCheckInModels.swift */ = {isa = PBXFileReference; lastKnownFileType = sourcecode.swift; path = MorningCheckInModels.swift; sourceTree = "<group>"; };
		MCI102 /* MorningCheckInViewModel.swift */ = {isa = PBXFileReference; lastKnownFileType = sourcecode.swift; path = MorningCheckInViewModel.swift; sourceTree = "<group>"; };
		MCI103 /* MorningCheckInViewModelSupport.swift */ = {isa = PBXFileReference; lastKnownFileType = sourcecode.swift; path = MorningCheckInViewModelSupport.swift; sourceTree = "<group>"; };
		MCI104 /* MorningCheckInWakeSurvey.swift */ = {isa = PBXFileReference; lastKnownFileType = sourcecode.swift; path = MorningCheckInWakeSurvey.swift; sourceTree = "<group>"; };
		MCI105 /* MorningCheckInSections.swift */ = {isa = PBXFileReference; lastKnownFileType = sourcecode.swift; path = MorningCheckInSections.swift; sourceTree = "<group>"; };
		B44F86E9E72D452CAFED6B16 /* SleepPlanCards.swift */ = {isa = PBXFileReference; includeInIndex = 1; lastKnownFileType = sourcecode.swift; path = SleepPlanCards.swift; sourceTree = "<group>"; };
		B5D8DC9D91D38419C97E97FA /* EventStorage.swift */ = {isa = PBXFileReference; lastKnownFileType = sourcecode.swift; path = EventStorage.swift; sourceTree = "<group>"; };
		B909173F1168B426E065A13A /* NightComparisonView.swift */ = {isa = PBXFileReference; lastKnownFileType = sourcecode.swift; path = NightComparisonView.swift; sourceTree = "<group>"; };
		BACAE6FF95D948B09DD2 /* SleepPlanDetailView.swift */ = {isa = PBXFileReference; lastKnownFileType = sourcecode.swift; path = SleepPlanDetailView.swift; sourceTree = "<group>"; };
		BB4C5084D06D74163A5C71A9 /* UserSettingsManager.swift */ = {isa = PBXFileReference; lastKnownFileType = sourcecode.swift; path = UserSettingsManager.swift; sourceTree = "<group>"; };
		BDD477019FF746C3DB7E7EE7 /* DoseTapIntents.swift */ = {isa = PBXFileReference; lastKnownFileType = sourcecode.swift; path = DoseTapIntents.swift; sourceTree = "<group>"; };
		BE3796A887B24D9FBBD40758 /* PreSleepLogView.swift */ = {isa = PBXFileReference; lastKnownFileType = sourcecode.swift; path = PreSleepLogView.swift; sourceTree = "<group>"; };
		BEAE0B98FC8F48BAB6219546 /* QuickEventViews.swift */ = {isa = PBXFileReference; includeInIndex = 1; lastKnownFileType = sourcecode.swift; path = QuickEventViews.swift; sourceTree = "<group>"; };
		C01 /* DoseTap.app */ = {isa = PBXFileReference; explicitFileType = wrapper.application; includeInIndex = 0; path = DoseTap.app; sourceTree = BUILT_PRODUCTS_DIR; };
		C1FBB8D30211AB1F43A21D65 /* AppTheme.swift */ = {isa = PBXFileReference; includeInIndex = 1; lastKnownFileType = sourcecode.swift; path = AppTheme.swift; sourceTree = "<group>"; };
		C5347FFF5FFC1A4A33C32C8D /* AutoExportService.swift */ = {isa = PBXFileReference; lastKnownFileType = sourcecode.swift; path = AutoExportService.swift; sourceTree = "<group>"; };
		C64168860F0E76DF93919D76 /* HighContrastColors.swift */ = {isa = PBXFileReference; includeInIndex = 1; lastKnownFileType = sourcecode.swift; path = HighContrastColors.swift; sourceTree = "<group>"; };
		CAPF001 /* CapturePreviewSheet.swift */ = {isa = PBXFileReference; lastKnownFileType = sourcecode.swift; path = CapturePreviewSheet.swift; sourceTree = "<group>"; };
		CEF16E4224E846ADAE92B1C6 /* DevelopmentHelper.swift */ = {isa = PBXFileReference; lastKnownFileType = sourcecode.swift; path = DevelopmentHelper.swift; sourceTree = "<group>"; };
		CFF67F0048CFBF2716448CC5 /* FlicButtonService.swift */ = {isa = PBXFileReference; includeInIndex = 1; lastKnownFileType = sourcecode.swift; path = FlicButtonService.swift; sourceTree = "<group>"; };
		CLUST001 /* DashboardModels.swift */ = {isa = PBXFileReference; lastKnownFileType = sourcecode.swift; path = DashboardModels.swift; sourceTree = "<group>"; };
		CLUST002 /* DashboardViews.swift */ = {isa = PBXFileReference; lastKnownFileType = sourcecode.swift; path = DashboardViews.swift; sourceTree = "<group>"; };
		CLUST003 /* TimelineReviewViews.swift */ = {isa = PBXFileReference; lastKnownFileType = sourcecode.swift; path = TimelineReviewViews.swift; sourceTree = "<group>"; };
		CLUST004 /* HistoryViews.swift */ = {isa = PBXFileReference; lastKnownFileType = sourcecode.swift; path = HistoryViews.swift; sourceTree = "<group>"; };
		HIS101 /* HistorySelectedDayView.swift */ = {isa = PBXFileReference; lastKnownFileType = sourcecode.swift; path = HistorySelectedDayView.swift; sourceTree = "<group>"; };
		HIS102 /* HistorySessionListViews.swift */ = {isa = PBXFileReference; lastKnownFileType = sourcecode.swift; path = HistorySessionListViews.swift; sourceTree = "<group>"; };
		CLUST005 /* DeferredCloudKitSyncService.swift */ = {isa = PBXFileReference; lastKnownFileType = sourcecode.swift; path = DeferredCloudKitSyncService.swift; sourceTree = "<group>"; };
		CLUST106 /* DashboardTypes.swift */ = {isa = PBXFileReference; lastKnownFileType = sourcecode.swift; path = DashboardTypes.swift; sourceTree = "<group>"; };
		CLUST109 /* DashboardAnalyticsRefresh.swift */ = {isa = PBXFileReference; lastKnownFileType = sourcecode.swift; path = DashboardAnalyticsRefresh.swift; sourceTree = "<group>"; };
		CLUST111 /* DashboardAnalyticsSupport.swift */ = {isa = PBXFileReference; lastKnownFileType = sourcecode.swift; path = DashboardAnalyticsSupport.swift; sourceTree = "<group>"; };
		CLUST113 /* DashboardAnalyticsMetrics.swift */ = {isa = PBXFileReference; lastKnownFileType = sourcecode.swift; path = DashboardAnalyticsMetrics.swift; sourceTree = "<group>"; };
		CLUST115 /* DashboardAnalyticsPreSleep.swift */ = {isa = PBXFileReference; lastKnownFileType = sourcecode.swift; path = DashboardAnalyticsPreSleep.swift; sourceTree = "<group>"; };
		CLUST117 /* DashboardAnalyticsCatalog.swift */ = {isa = PBXFileReference; lastKnownFileType = sourcecode.swift; path = DashboardAnalyticsCatalog.swift; sourceTree = "<group>"; };
		CLUST119 /* DashboardAnalyticsMorning.swift */ = {isa = PBXFileReference; lastKnownFileType = sourcecode.swift; path = DashboardAnalyticsMorning.swift; sourceTree = "<group>"; };
		CLUST121 /* DashboardOverviewCards.swift */ = {isa = PBXFileReference; lastKnownFileType = sourcecode.swift; path = DashboardOverviewCards.swift; sourceTree = "<group>"; };
		CLUST123 /* DashboardTrendCards.swift */ = {isa = PBXFileReference; lastKnownFileType = sourcecode.swift; path = DashboardTrendCards.swift; sourceTree = "<group>"; };
		CLUST125 /* DashboardInsightCards.swift */ = {isa = PBXFileReference; lastKnownFileType = sourcecode.swift; path = DashboardInsightCards.swift; sourceTree = "<group>"; };
		D049AFCF96FC4AFF9120309E /* Secrets.swift */ = {isa = PBXFileReference; lastKnownFileType = sourcecode.swift; path = Secrets.swift; sourceTree = "<group>"; };
		D1BA2E6CCFB845E6BFC919FA /* FullApp/SetupWizardService.swift */ = {isa = PBXFileReference; lastKnownFileType = sourcecode.swift; path = FullApp/SetupWizardService.swift; sourceTree = "<group>"; };
		D42A891F4758470783F7565F /* DetailsView.swift */ = {isa = PBXFileReference; includeInIndex = 1; lastKnownFileType = sourcecode.swift; path = DetailsView.swift; sourceTree = "<group>"; };
		D565C0B5A1804860B23307B9 /* URLRouter.swift */ = {isa = PBXFileReference; lastKnownFileType = sourcecode.swift; path = URLRouter.swift; sourceTree = "<group>"; };
		DAC002 /* DoseActionCoordinator.swift */ = {isa = PBXFileReference; includeInIndex = 1; lastKnownFileType = sourcecode.swift; path = DoseActionCoordinator.swift; sourceTree = "<group>"; };
		DD0E5B5C6E684F7796F9B9FC /* EventLogger.swift */ = {isa = PBXFileReference; includeInIndex = 1; lastKnownFileType = sourcecode.swift; path = EventLogger.swift; sourceTree = "<group>"; };
		DED8B35BAB0493115DB99CA4 /* SecureLogger.swift */ = {isa = PBXFileReference; includeInIndex = 1; lastKnownFileType = sourcecode.swift; path = SecureLogger.swift; sourceTree = "<group>"; };
		E0BC9035E4ACF20D1D40B9A9 /* SleepTimelineOverlays.swift */ = {isa = PBXFileReference; includeInIndex = 1; lastKnownFileType = sourcecode.swift; path = SleepTimelineOverlays.swift; sourceTree = "<group>"; };
		EDIT001 /* EditDoseTimeView.swift */ = {isa = PBXFileReference; lastKnownFileType = sourcecode.swift; path = EditDoseTimeView.swift; sourceTree = "<group>"; };
		ESF001 /* EventStorage+Schema.swift */ = {isa = PBXFileReference; lastKnownFileType = sourcecode.swift; path = "EventStorage+Schema.swift"; sourceTree = "<group>"; };
		ESF002 /* EventStorage+Session.swift */ = {isa = PBXFileReference; lastKnownFileType = sourcecode.swift; path = "EventStorage+Session.swift"; sourceTree = "<group>"; };
		ESF003 /* EventStorage+Exports.swift */ = {isa = PBXFileReference; lastKnownFileType = sourcecode.swift; path = "EventStorage+Exports.swift"; sourceTree = "<group>"; };
		ESF004 /* EventStorage+EventStore.swift */ = {isa = PBXFileReference; lastKnownFileType = sourcecode.swift; path = "EventStorage+EventStore.swift"; sourceTree = "<group>"; };
		ESF005 /* StorageModels.swift */ = {isa = PBXFileReference; lastKnownFileType = sourcecode.swift; path = StorageModels.swift; sourceTree = "<group>"; };
		ESF009 /* StorageRecordModels.swift */ = {isa = PBXFileReference; lastKnownFileType = sourcecode.swift; path = StorageRecordModels.swift; sourceTree = "<group>"; };
		ESF006 /* EventStorage+Dose.swift */ = {isa = PBXFileReference; lastKnownFileType = sourcecode.swift; path = "EventStorage+Dose.swift"; sourceTree = "<group>"; };
		ESF007 /* EventStorage+PreSleep.swift */ = {isa = PBXFileReference; lastKnownFileType = sourcecode.swift; path = "EventStorage+PreSleep.swift"; sourceTree = "<group>"; };
		ESF008 /* EventStorage+Maintenance.swift */ = {isa = PBXFileReference; lastKnownFileType = sourcecode.swift; path = "EventStorage+Maintenance.swift"; sourceTree = "<group>"; };
		ESF021 /* EventStorage+MorningCheckIn.swift */ = {isa = PBXFileReference; lastKnownFileType = sourcecode.swift; path = "EventStorage+MorningCheckIn.swift"; sourceTree = "<group>"; };
		ESF022 /* EventStorage+CheckInSubmissions.swift */ = {isa = PBXFileReference; lastKnownFileType = sourcecode.swift; path = "EventStorage+CheckInSubmissions.swift"; sourceTree = "<group>"; };
		ESF023 /* EventStorage+SessionSupport.swift */ = {isa = PBXFileReference; lastKnownFileType = sourcecode.swift; path = "EventStorage+SessionSupport.swift"; sourceTree = "<group>"; };
		EVT002 /* EventType.swift */ = {isa = PBXFileReference; lastKnownFileType = sourcecode.swift; path = EventType.swift; sourceTree = "<group>"; };
		F3CED6FC4A7543E68CDF0BA0 /* TimeZoneMonitor.swift */ = {isa = PBXFileReference; lastKnownFileType = sourcecode.swift; path = TimeZoneMonitor.swift; sourceTree = "<group>"; };
		F90DAD707525490DB491F5EA /* LegacyCSVExporter.swift */ = {isa = PBXFileReference; lastKnownFileType = sourcecode.swift; path = LegacyCSVExporter.swift; sourceTree = "<group>"; };
		FCC2762A054AE377C80CF2B0 /* EncryptedEventStorage.swift */ = {isa = PBXFileReference; includeInIndex = 1; lastKnownFileType = sourcecode.swift; path = EncryptedEventStorage.swift; sourceTree = "<group>"; };
		FCEDF0A0E4BE41F582C2221F /* AnalyticsService.swift */ = {isa = PBXFileReference; lastKnownFileType = sourcecode.swift; path = AnalyticsService.swift; sourceTree = "<group>"; };
		HK002 /* HealthKitService.swift */ = {isa = PBXFileReference; lastKnownFileType = sourcecode.swift; path = HealthKitService.swift; sourceTree = "<group>"; };
		HKP002 /* HealthKitProviding.swift */ = {isa = PBXFileReference; lastKnownFileType = sourcecode.swift; path = HealthKitProviding.swift; sourceTree = "<group>"; };
		NRV001 /* NightReviewHealthData.swift */ = {isa = PBXFileReference; lastKnownFileType = sourcecode.swift; path = NightReviewHealthData.swift; sourceTree = "<group>"; };
		NRV003 /* NightReviewExport.swift */ = {isa = PBXFileReference; lastKnownFileType = sourcecode.swift; path = NightReviewExport.swift; sourceTree = "<group>"; };
		NRV005 /* NightReviewPreSleep.swift */ = {isa = PBXFileReference; lastKnownFileType = sourcecode.swift; path = NightReviewPreSleep.swift; sourceTree = "<group>"; };
		NRV007 /* NightReviewMorning.swift */ = {isa = PBXFileReference; lastKnownFileType = sourcecode.swift; path = NightReviewMorning.swift; sourceTree = "<group>"; };
		NRV009 /* NightReviewSummary.swift */ = {isa = PBXFileReference; lastKnownFileType = sourcecode.swift; path = NightReviewSummary.swift; sourceTree = "<group>"; };
		PRIVFR01 /* PrivacyInfo.xcprivacy */ = {isa = PBXFileReference; lastKnownFileType = text.plist.xml; path = PrivacyInfo.xcprivacy; sourceTree = "<group>"; };
		PSL002 /* PreSleepLogComponents.swift */ = {isa = PBXFileReference; lastKnownFileType = sourcecode.swift; path = PreSleepLogComponents.swift; sourceTree = "<group>"; };
		PSL004 /* PreSleepLogTimingStressCard.swift */ = {isa = PBXFileReference; lastKnownFileType = sourcecode.swift; path = PreSleepLogTimingStressCard.swift; sourceTree = "<group>"; };
		PSL006 /* PreSleepLogBodySubstancesCard.swift */ = {isa = PBXFileReference; lastKnownFileType = sourcecode.swift; path = PreSleepLogBodySubstancesCard.swift; sourceTree = "<group>"; };
		PSL008 /* PreSleepLogActivityNapsCard.swift */ = {isa = PBXFileReference; lastKnownFileType = sourcecode.swift; path = PreSleepLogActivityNapsCard.swift; sourceTree = "<group>"; };
		SST002 /* SleepStageTimeline.swift */ = {isa = PBXFileReference; lastKnownFileType = sourcecode.swift; path = SleepStageTimeline.swift; sourceTree = "<group>"; };
		SST004 /* SleepStageTimelineModels.swift */ = {isa = PBXFileReference; lastKnownFileType = sourcecode.swift; path = SleepStageTimelineModels.swift; sourceTree = "<group>"; };
		SST006 /* SleepStageTimelineCards.swift */ = {isa = PBXFileReference; lastKnownFileType = sourcecode.swift; path = SleepStageTimelineCards.swift; sourceTree = "<group>"; };
		SSV002 /* SessionSupportViews.swift */ = {isa = PBXFileReference; lastKnownFileType = sourcecode.swift; path = SessionSupportViews.swift; sourceTree = "<group>"; };
		SRQ101 /* SessionRepositoryQueries.swift */ = {isa = PBXFileReference; lastKnownFileType = sourcecode.swift; path = SessionRepositoryQueries.swift; sourceTree = "<group>"; };
		SRQ102 /* SessionRepositoryMedication.swift */ = {isa = PBXFileReference; lastKnownFileType = sourcecode.swift; path = SessionRepositoryMedication.swift; sourceTree = "<group>"; };
		SRQ103 /* SessionRepositoryCheckIn.swift */ = {isa = PBXFileReference; lastKnownFileType = sourcecode.swift; path = SessionRepositoryCheckIn.swift; sourceTree = "<group>"; };
		SRQ104 /* SessionRepositorySchedule.swift */ = {isa = PBXFileReference; lastKnownFileType = sourcecode.swift; path = SessionRepositorySchedule.swift; sourceTree = "<group>"; };
		SRQ106 /* SessionRepositorySync.swift */ = {isa = PBXFileReference; lastKnownFileType = sourcecode.swift; path = SessionRepositorySync.swift; sourceTree = "<group>"; };
		SVS_FR01 /* HealthKitSettingsView.swift */ = {isa = PBXFileReference; lastKnownFileType = sourcecode.swift; path = HealthKitSettingsView.swift; sourceTree = "<group>"; };
		SVS_FR02 /* AboutView.swift */ = {isa = PBXFileReference; lastKnownFileType = sourcecode.swift; path = AboutView.swift; sourceTree = "<group>"; };
		SVS_FR03 /* EventCooldownSettingsView.swift */ = {isa = PBXFileReference; lastKnownFileType = sourcecode.swift; path = EventCooldownSettingsView.swift; sourceTree = "<group>"; };
		SVS_FR04 /* DataManagementView.swift */ = {isa = PBXFileReference; lastKnownFileType = sourcecode.swift; path = DataManagementView.swift; sourceTree = "<group>"; };
		SVS_FR05 /* QuickLogCustomizationView.swift */ = {isa = PBXFileReference; lastKnownFileType = sourcecode.swift; path = QuickLogCustomizationView.swift; sourceTree = "<group>"; };
		SVS_FR06 /* SettingsHelpers.swift */ = {isa = PBXFileReference; lastKnownFileType = sourcecode.swift; path = SettingsHelpers.swift; sourceTree = "<group>"; };
		SWZ002 /* FullApp/SetupWizardStepViews.swift */ = {isa = PBXFileReference; lastKnownFileType = sourcecode.swift; path = FullApp/SetupWizardStepViews.swift; sourceTree = "<group>"; };
		SWZ004 /* FullApp/SetupWizardComponents.swift */ = {isa = PBXFileReference; lastKnownFileType = sourcecode.swift; path = FullApp/SetupWizardComponents.swift; sourceTree = "<group>"; };
		TLR101 /* TimelineLiveCards.swift */ = {isa = PBXFileReference; lastKnownFileType = sourcecode.swift; path = TimelineLiveCards.swift; sourceTree = "<group>"; };
		TLR102 /* TimelineReviewCards.swift */ = {isa = PBXFileReference; lastKnownFileType = sourcecode.swift; path = TimelineReviewCards.swift; sourceTree = "<group>"; };
		TLR103 /* TimelineReviewSupport.swift */ = {isa = PBXFileReference; lastKnownFileType = sourcecode.swift; path = TimelineReviewSupport.swift; sourceTree = "<group>"; };
		UI_F01 /* DoseTapUITests.swift */ = {isa = PBXFileReference; lastKnownFileType = sourcecode.swift; path = DoseTapUITests.swift; sourceTree = "<group>"; };
		UI_F02 /* DoseTapUITestsLaunchTests.swift */ = {isa = PBXFileReference; lastKnownFileType = sourcecode.swift; path = DoseTapUITestsLaunchTests.swift; sourceTree = "<group>"; };
		UI_PROD01 /* DoseTapUITests.xctest */ = {isa = PBXFileReference; explicitFileType = wrapper.cfbundle; includeInIndex = 0; path = DoseTapUITests.xctest; sourceTree = BUILT_PRODUCTS_DIR; };
		UNDO004 /* UndoSnackbarView.swift */ = {isa = PBXFileReference; lastKnownFileType = sourcecode.swift; path = UndoSnackbarView.swift; sourceTree = "<group>"; };
		UNDO006 /* MedicationSettingsView.swift */ = {isa = PBXFileReference; lastKnownFileType = sourcecode.swift; path = MedicationSettingsView.swift; sourceTree = "<group>"; };
		UNDO008 /* MedicationPickerView.swift */ = {isa = PBXFileReference; lastKnownFileType = sourcecode.swift; path = MedicationPickerView.swift; sourceTree = "<group>"; };
		WHM002 /* WHOOPModels.swift */ = {isa = PBXFileReference; lastKnownFileType = sourcecode.swift; path = WHOOPModels.swift; sourceTree = "<group>"; };
		WP002 /* WeeklyPlanner.swift */ = {isa = PBXFileReference; lastKnownFileType = sourcecode.swift; path = WeeklyPlanner.swift; sourceTree = "<group>"; };
/* End PBXFileReference section */

/* Begin PBXFileSystemSynchronizedRootGroup section */
		8017D5322EFCDF6A00BF9683 /* DoseTapTests */ = {isa = PBXFileSystemSynchronizedRootGroup; explicitFileTypes = {}; explicitFolders = (); path = DoseTapTests; sourceTree = "<group>"; };
/* End PBXFileSystemSynchronizedRootGroup section */

/* Begin PBXFrameworksBuildPhase section */
		8017D52E2EFCDF6A00BF9683 /* Frameworks */ = {
			isa = PBXFrameworksBuildPhase;
			buildActionMask = 2147483647;
			files = (
			);
			runOnlyForDeploymentPostprocessing = 0;
		};
		D01 /* Frameworks */ = {
			isa = PBXFrameworksBuildPhase;
			buildActionMask = 2147483647;
			files = (
				A03 /* DoseCore in Frameworks */,
			);
			runOnlyForDeploymentPostprocessing = 0;
		};
		UI_FW01 /* Frameworks */ = {
			isa = PBXFrameworksBuildPhase;
			buildActionMask = 2147483647;
			files = (
			);
			runOnlyForDeploymentPostprocessing = 0;
		};
/* End PBXFrameworksBuildPhase section */

/* Begin PBXGroup section */
		2AC58F24EA99138936097E62 /* Security */ = {
			isa = PBXGroup;
			children = (
				80B7FD26BB9CFDD4F25097AC /* DatabaseSecurity.swift */,
				B1CBF59D219929011DD8A4A8 /* InputValidator.swift */,
				DED8B35BAB0493115DB99CA4 /* SecureLogger.swift */,
				AAAAAAAA9DBAF056AB1C49BC /* EventStore.swift */,
				AAAAAAAA3BA639A7295F4A8B /* EventStoreAdapter.swift */,
				AAAAAAAA0C2B781536614815 /* UndoManager.swift */,
				AAAAAAAA228351A6B9254E54 /* TimeEngine.swift */,
				AAAAAAAADE3CE12CAC8D4F6A /* SnoozeController.swift */,
				AAAAAAAAF2660D49646040A0 /* OfflineQueue.swift */,
				AAAAAAAA4C47F79D20684073 /* AccessibilitySupport.swift */,
				AAAAAAAA537A9EE417FC46A5 /* DashboardView.swift */,
				AAAAAAAA5D81B00628A14F8E /* DoseTapCore.swift */,
				AAAAAAAA08C80B4B155C4F1F /* UndoSnackbar.swift */,
				AAAAAAAA79BDDCB8B8394A8C /* UndoStateManager.swift */,
				AAAAAAAAA4A8D14140B649E4 /* Views/UndoSnackbarView.swift */,
				AAAAAAAAE2F91D7AC1EF43C1 /* Views/MedicationSettingsView.swift */,
				AAAAAAAA180FECDFD1A34BF9 /* Views/MedicationPickerView.swift */,
				AAAAAAAADA901C7481C5490B /* Views/MorningCheckInView.swift */,
				AAAAAAAA7DFB77385FC541DB /* Views/PreSleepLogView.swift */,
			);
			path = Security;
			sourceTree = "<group>";
		};
		31738B20830B32ACB5ACB677 /* Intents */ = {
			isa = PBXGroup;
			children = (
				BDD477019FF746C3DB7E7EE7 /* DoseTapIntents.swift */,
			);
			path = Intents;
			sourceTree = "<group>";
		};
		77E2CF15B939DBF00AEEA465 /* Theme */ = {
			isa = PBXGroup;
			children = (
				C1FBB8D30211AB1F43A21D65 /* AppTheme.swift */,
			);
			path = Theme;
			sourceTree = "<group>";
		};
		E01 = {
			isa = PBXGroup;
			children = (
				F01 /* DoseTap */,
				8017D5322EFCDF6A00BF9683 /* DoseTapTests */,
				UI_GRP01 /* DoseTapUITests */,
				G01 /* Products */,
			);
			sourceTree = "<group>";
		};
		E471299E6268F81CAB46EE00 /* Widget */ = {
			isa = PBXGroup;
			children = (
				A5EC28B4CBE024116041F88A /* DoseTapWidgets.swift */,
				4F45A7B56E2E0D80B5D5CBDD /* SharedDoseState.swift */,
			);
			path = Widget;
			sourceTree = "<group>";
		};
		F01 /* DoseTap */ = {
			isa = PBXGroup;
			children = (
				31738B20830B32ACB5ACB677 /* Intents */,
				E471299E6268F81CAB46EE00 /* Widget */,
				80A27C7D2EFAC24D0005C000 /* DoseTap.entitlements */,
				B03 /* Info.plist */,
				PRIVFR01 /* PrivacyInfo.xcprivacy */,
				ASSETS01 /* Assets.xcassets */,
				418F7D12D4A2473F800C75ED /* FullApp/DoseModels.swift */,
				1BD7AD6DA76F4E548669A489 /* FullApp/KeychainHelper.swift */,
				D1BA2E6CCFB845E6BFC919FA /* FullApp/SetupWizardService.swift */,
				1CB34E7F86084B24991BD7CA /* FullApp/SetupWizardView.swift */,
				SWZ002 /* FullApp/SetupWizardStepViews.swift */,
				SWZ004 /* FullApp/SetupWizardComponents.swift */,
				3E912715BD5C4BBAAA735378 /* AlarmService.swift */,
				APC002 /* AppContainer.swift */,
				FCEDF0A0E4BE41F582C2221F /* AnalyticsService.swift */,
				B02 /* ContentView.swift */,
				DD0E5B5C6E684F7796F9B9FC /* EventLogger.swift */,
				EVT002 /* EventType.swift */,
				B01 /* DoseTapApp.swift */,
				HK002 /* HealthKitService.swift */,
				6FEE161A09D6441A8D4448DA /* InsightsCalculator.swift */,
				D049AFCF96FC4AFF9120309E /* Secrets.swift */,
				B358CDCA949364F93BD996D6 /* SettingsView.swift */,
				SET101 /* SettingsSections.swift */,
				SET102 /* SettingsActions.swift */,
				SVS_FR01 /* HealthKitSettingsView.swift */,
				SVS_FR02 /* AboutView.swift */,
				SVS_FR03 /* EventCooldownSettingsView.swift */,
				SVS_FR04 /* DataManagementView.swift */,
				SVS_FR05 /* QuickLogCustomizationView.swift */,
				SVS_FR06 /* SettingsHelpers.swift */,
				576700D19A9F4B35BA54 /* SleepPlanDetailView.swift */,
				237C573EA83946FE8AFC /* DiagnosticLoggingSettingsView.swift */,
				BACAE6FF95D948B09DD2 /* SleepPlanDetailView.swift */,
				2980209556A04B5F8CE5 /* DiagnosticLoggingSettingsView.swift */,
				SST002 /* SleepStageTimeline.swift */,
				SST004 /* SleepStageTimelineModels.swift */,
				SST006 /* SleepStageTimelineCards.swift */,
				15C51DD55054436BA1B68CD7 /* SupportBundleExport.swift */,
				12B2779FB31708024300E8E5 /* TimeIntervalMath.swift */,
				D565C0B5A1804860B23307B9 /* URLRouter.swift */,
				BB4C5084D06D74163A5C71A9 /* UserSettingsManager.swift */,
				WP002 /* WeeklyPlanner.swift */,
				7084981AA100483EB6E6ADE1 /* WHOOPService.swift */,
				WHM002 /* WHOOPModels.swift */,
				GRP_EXPORT /* Export */,
				GRP_FOUNDATION /* Foundation */,
				GRP_LEGACY /* Legacy */,
				GRP_SERVICES /* Services */,
				GRP_STORAGE /* Storage */,
				GRP_VIEWS /* Views */,
				77E2CF15B939DBF00AEEA465 /* Theme */,
				2AC58F24EA99138936097E62 /* Security */,
				7772A3ACA248F927B3008122 /* SecureConfig.swift */,
				403FF1A5371F4BA427EC1520 /* WHOOPSettingsView.swift */,
				CFF67F0048CFBF2716448CC5 /* FlicButtonService.swift */,
				DAC002 /* DoseActionCoordinator.swift */,
				49D083E0EC7947B795F0DD57 /* Formatters.swift */,
				C64168860F0E76DF93919D76 /* HighContrastColors.swift */,
				7D7115779119154483A7838A /* UndoStateManager.swift */,
				67D4EB39451985378B4E5D61 /* WHOOPDataFetching.swift */,
				4A3C6B3DB1EBBE10E2F3E7FB /* ReducedMotionSupport.swift */,
				E0BC9035E4ACF20D1D40B9A9 /* SleepTimelineOverlays.swift */,
			);
			path = DoseTap;
			sourceTree = "<group>";
		};
		G01 /* Products */ = {
			isa = PBXGroup;
			children = (
				C01 /* DoseTap.app */,
				8017D5312EFCDF6A00BF9683 /* DoseTapTests.xctest */,
				7797EE7911D146B6A7456454 /* DoseTapStaging.app */,
				UI_PROD01 /* DoseTapUITests.xctest */,
			);
			name = Products;
			sourceTree = "<group>";
		};
		GRP_DASHBOARD /* Dashboard */ = {
			isa = PBXGroup;
			children = (
				CLUST001 /* DashboardModels.swift */,
				CLUST002 /* DashboardViews.swift */,
				CLUST106 /* DashboardTypes.swift */,
				CLUST109 /* DashboardAnalyticsRefresh.swift */,
				CLUST111 /* DashboardAnalyticsSupport.swift */,
				CLUST113 /* DashboardAnalyticsMetrics.swift */,
				CLUST115 /* DashboardAnalyticsPreSleep.swift */,
				CLUST119 /* DashboardAnalyticsMorning.swift */,
				CLUST117 /* DashboardAnalyticsCatalog.swift */,
				CLUST121 /* DashboardOverviewCards.swift */,
				CLUST123 /* DashboardTrendCards.swift */,
				CLUST125 /* DashboardInsightCards.swift */,
			);
			path = Dashboard;
			sourceTree = "<group>";
		};
		GRP_EXPORT /* Export */ = {
			isa = PBXGroup;
			children = (
				C5347FFF5FFC1A4A33C32C8D /* AutoExportService.swift */,
			);
			path = Export;
			sourceTree = "<group>";
		};
		GRP_FOUNDATION /* Foundation */ = {
			isa = PBXGroup;
			children = (
				F3CED6FC4A7543E68CDF0BA0 /* TimeZoneMonitor.swift */,
				CEF16E4224E846ADAE92B1C6 /* DevelopmentHelper.swift */,
			);
			path = Foundation;
			sourceTree = "<group>";
		};
		GRP_LEGACY /* Legacy */ = {
			isa = PBXGroup;
			children = (
				B0DBB25F0B4C46EAAFB4205A /* LegacyPersistentStore.swift */,
				F90DAD707525490DB491F5EA /* LegacyCSVExporter.swift */,
				6CFBD921F6074479AF4FF155 /* LegacyJSONMigrator.swift */,
				CLUST005 /* DeferredCloudKitSyncService.swift */,
			);
			path = Legacy;
			sourceTree = "<group>";
		};
		GRP_HISTORY /* History */ = {
			isa = PBXGroup;
			children = (
				B909173F1168B426E065A13A /* NightComparisonView.swift */,
				CLUST004 /* HistoryViews.swift */,
				HIS101 /* HistorySelectedDayView.swift */,
				HIS102 /* HistorySessionListViews.swift */,
			);
			path = History;
			sourceTree = "<group>";
		};
		GRP_SERVICES /* Services */ = {
			isa = PBXGroup;
			children = (
				HKP002 /* HealthKitProviding.swift */,
			);
			path = Services;
			sourceTree = "<group>";
		};
		GRP_STORAGE /* Storage */ = {
			isa = PBXGroup;
			children = (
				B5D8DC9D91D38419C97E97FA /* EventStorage.swift */,
				ESF001 /* EventStorage+Schema.swift */,
				ESF002 /* EventStorage+Session.swift */,
				ESF003 /* EventStorage+Exports.swift */,
				ESF004 /* EventStorage+EventStore.swift */,
				ESF005 /* StorageModels.swift */,
				ESF009 /* StorageRecordModels.swift */,
				ESF006 /* EventStorage+Dose.swift */,
				ESF007 /* EventStorage+PreSleep.swift */,
				ESF008 /* EventStorage+Maintenance.swift */,
				ESF021 /* EventStorage+MorningCheckIn.swift */,
				ESF022 /* EventStorage+CheckInSubmissions.swift */,
				ESF023 /* EventStorage+SessionSupport.swift */,
				64641673735B464BB4E4B02F /* SessionRepository.swift */,
				SRQ101 /* SessionRepositoryQueries.swift */,
				SRQ102 /* SessionRepositoryMedication.swift */,
				SRQ103 /* SessionRepositoryCheckIn.swift */,
				SRQ104 /* SessionRepositorySchedule.swift */,
				SRQ106 /* SessionRepositorySync.swift */,
				FCC2762A054AE377C80CF2B0 /* EncryptedEventStorage.swift */,
			);
			path = Storage;
			sourceTree = "<group>";
		};
		GRP_TIMELINE /* Timeline */ = {
			isa = PBXGroup;
			children = (
				TLR101 /* TimelineLiveCards.swift */,
				TLR102 /* TimelineReviewCards.swift */,
				TLR103 /* TimelineReviewSupport.swift */,
				CLUST003 /* TimelineReviewViews.swift */,
			);
			path = Timeline;
			sourceTree = "<group>";
		};
		GRP_VIEWS /* Views */ = {
			isa = PBXGroup;
			children = (
				ACTF001 /* ActivityViewController.swift */,
				CAPF001 /* CapturePreviewSheet.swift */,
				MCI101 /* MorningCheckInModels.swift */,
				MCI102 /* MorningCheckInViewModel.swift */,
				MCI103 /* MorningCheckInViewModelSupport.swift */,
				MCI104 /* MorningCheckInWakeSurvey.swift */,
				MCI105 /* MorningCheckInSections.swift */,
				B3941DD4936B4FD0BD5A8837 /* MorningCheckInView.swift */,
				BE3796A887B24D9FBBD40758 /* PreSleepLogView.swift */,
				PSL002 /* PreSleepLogComponents.swift */,
				PSL004 /* PreSleepLogTimingStressCard.swift */,
				PSL006 /* PreSleepLogBodySubstancesCard.swift */,
				PSL008 /* PreSleepLogActivityNapsCard.swift */,
				UNDO004 /* UndoSnackbarView.swift */,
				UNDO006 /* MedicationSettingsView.swift */,
				UNDO008 /* MedicationPickerView.swift */,
				2EF211068DBC684F390BC8F9 /* DiagnosticExportView.swift */,
				8FABFEE0765C943A32E6ACC2 /* NightReviewView.swift */,
				NRV001 /* NightReviewHealthData.swift */,
				NRV003 /* NightReviewExport.swift */,
				NRV005 /* NightReviewPreSleep.swift */,
				NRV007 /* NightReviewMorning.swift */,
				NRV009 /* NightReviewSummary.swift */,
				707FF265ADBBA04484376264 /* ThemeSettingsView.swift */,
				EDIT001 /* EditDoseTimeView.swift */,
				GRP_DASHBOARD /* Dashboard */,
				GRP_TIMELINE /* Timeline */,
				GRP_HISTORY /* History */,
				4E03D9DEC5D04B32AACF98BA /* TonightView.swift */,
				B44F86E9E72D452CAFED6B16 /* SleepPlanCards.swift */,
				22B9CA2EF895428EA7912896 /* CompactStatusCard.swift */,
				60E7491C7A9D4FDE812F4BFB /* CompactDoseButton.swift */,
				4ED119801E1E497EB929C45B /* AdaptiveLayouts.swift */,
				SSV002 /* SessionSupportViews.swift */,
				AA0C7941006B40BEA391DD9A /* SessionSummaryViews.swift */,
				BEAE0B98FC8F48BAB6219546 /* QuickEventViews.swift */,
				D42A891F4758470783F7565F /* DetailsView.swift */,
			);
			path = Views;
			sourceTree = "<group>";
		};
		UI_GRP01 /* DoseTapUITests */ = {
			isa = PBXGroup;
			children = (
				UI_F01 /* DoseTapUITests.swift */,
				UI_F02 /* DoseTapUITestsLaunchTests.swift */,
			);
			path = DoseTapUITests;
			sourceTree = "<group>";
		};
/* End PBXGroup section */

/* Begin PBXNativeTarget section */
		1A41D2556A7043ADB5D0C63B /* DoseTapStaging */ = {
			isa = PBXNativeTarget;
			buildConfigurationList = C003C8AE7F7B4650B2984ABC /* Build configuration list for PBXNativeTarget "DoseTapStaging" */;
			buildPhases = (
				J01 /* Sources */,
				D01 /* Frameworks */,
				K01 /* Resources */,
			);
			buildRules = (
			);
			dependencies = (
			);
			name = DoseTapStaging;
			packageProductDependencies = (
				P01 /* DoseCore */,
			);
			productName = DoseTapStaging;
			productReference = 7797EE7911D146B6A7456454 /* DoseTapStaging.app */;
			productType = "com.apple.product-type.application";
		};
		8017D5302EFCDF6A00BF9683 /* DoseTapTests */ = {
			isa = PBXNativeTarget;
			buildConfigurationList = 8017D5392EFCDF6A00BF9683 /* Build configuration list for PBXNativeTarget "DoseTapTests" */;
			buildPhases = (
				8017D52D2EFCDF6A00BF9683 /* Sources */,
				8017D52E2EFCDF6A00BF9683 /* Frameworks */,
				8017D52F2EFCDF6A00BF9683 /* Resources */,
			);
			buildRules = (
			);
			dependencies = (
				8017D5362EFCDF6A00BF9683 /* PBXTargetDependency */,
			);
			fileSystemSynchronizedGroups = (
				8017D5322EFCDF6A00BF9683 /* DoseTapTests */,
			);
			name = DoseTapTests;
			productName = DoseTapTests;
			productReference = 8017D5312EFCDF6A00BF9683 /* DoseTapTests.xctest */;
			productType = "com.apple.product-type.bundle.unit-test";
		};
		H01 /* DoseTap */ = {
			isa = PBXNativeTarget;
			buildConfigurationList = I01 /* Build configuration list for PBXNativeTarget "DoseTap" */;
			buildPhases = (
				J01 /* Sources */,
				D01 /* Frameworks */,
				K01 /* Resources */,
			);
			buildRules = (
			);
			dependencies = (
			);
			name = DoseTap;
			packageProductDependencies = (
				P01 /* DoseCore */,
			);
			productName = DoseTap;
			productReference = C01 /* DoseTap.app */;
			productType = "com.apple.product-type.application";
		};
		UI_TGT01 /* DoseTapUITests */ = {
			isa = PBXNativeTarget;
			buildConfigurationList = UI_CFGL01 /* Build configuration list for PBXNativeTarget "DoseTapUITests" */;
			buildPhases = (
				UI_SRC01 /* Sources */,
				UI_FW01 /* Frameworks */,
				UI_RES01 /* Resources */,
			);
			buildRules = (
			);
			dependencies = (
				UI_DEP01 /* PBXTargetDependency */,
			);
			name = DoseTapUITests;
			productName = DoseTapUITests;
			productReference = UI_PROD01 /* DoseTapUITests.xctest */;
			productType = "com.apple.product-type.bundle.ui-testing";
		};
/* End PBXNativeTarget section */

/* Begin PBXProject section */
		L01 /* Project object */ = {
			isa = PBXProject;
			attributes = {
				LastSwiftUpdateCheck = 2620;
				LastUpgradeCheck = 1500;
				TargetAttributes = {
					8017D5302EFCDF6A00BF9683 = {
						1A41D2556A7043ADB5D0C63B = {
							CreatedOnToolsVersion = 15.0;
						};
						CreatedOnToolsVersion = 26.2;
						TestTargetID = H01;
					};
					H01 = {
						CreatedOnToolsVersion = 15.0;
					};
					UI_TGT01 = {
						CreatedOnToolsVersion = 15.0;
						TestTargetID = H01;
					};
				};
			};
			buildConfigurationList = M01 /* Build configuration list for PBXProject "DoseTap" */;
			compatibilityVersion = "Xcode 14.0";
			developmentRegion = en;
			hasScannedForEncodings = 0;
			knownRegions = (
				en,
				Base,
			);
			mainGroup = E01;
			packageReferences = (
				Q01 /* XCLocalSwiftPackageReference ".." */,
			);
			productRefGroup = G01 /* Products */;
			projectDirPath = "";
			projectRoot = "";
			targets = (
				H01 /* DoseTap */,
				8017D5302EFCDF6A00BF9683 /* DoseTapTests */,
				1A41D2556A7043ADB5D0C63B /* DoseTapStaging */,
				UI_TGT01 /* DoseTapUITests */,
			);
		};
/* End PBXProject section */

/* Begin PBXResourcesBuildPhase section */
		8017D52F2EFCDF6A00BF9683 /* Resources */ = {
			isa = PBXResourcesBuildPhase;
			buildActionMask = 2147483647;
			files = (
			);
			runOnlyForDeploymentPostprocessing = 0;
		};
		K01 /* Resources */ = {
			isa = PBXResourcesBuildPhase;
			buildActionMask = 2147483647;
			files = (
				ASSETSBUILD01 /* Assets.xcassets in Resources */,
				PRIVBF01 /* PrivacyInfo.xcprivacy in Resources */,
			);
			runOnlyForDeploymentPostprocessing = 0;
		};
		UI_RES01 /* Resources */ = {
			isa = PBXResourcesBuildPhase;
			buildActionMask = 2147483647;
			files = (
			);
			runOnlyForDeploymentPostprocessing = 0;
		};
/* End PBXResourcesBuildPhase section */

/* Begin PBXSourcesBuildPhase section */
		8017D52D2EFCDF6A00BF9683 /* Sources */ = {
			isa = PBXSourcesBuildPhase;
			buildActionMask = 2147483647;
			files = (
				80D996622F5CFA280092DB29 /* Formatters.swift in Sources */,
			);
			runOnlyForDeploymentPostprocessing = 0;
		};
		J01 /* Sources */ = {
			isa = PBXSourcesBuildPhase;
			buildActionMask = 2147483647;
			files = (
				5A7A4083ACC81A0C1659AF4B /* NightComparisonView.swift in Sources */,
				74CB1E6BE7206ADBD4DD9C7F /* DoseTapIntents.swift in Sources */,
				96A6B3D448ADF27325ED20CD /* DoseTapWidgets.swift in Sources */,
				2F7B4009B1F4BB8976B7E89E /* SharedDoseState.swift in Sources */,
				270FF25D2FCE5D7505B259FB /* AutoExportService.swift in Sources */,
				8E967A52E8644DF89EEF23B9 /* Formatters.swift in Sources */,
				A01 /* DoseTapApp.swift in Sources */,
				A02 /* ContentView.swift in Sources */,
				D2AFCB94D52D4B168AC1CAD6 /* EventLogger.swift in Sources */,
				07D79FDC36E045FCB5590A15 /* TonightView.swift in Sources */,
				B3A59BFBC74549279C21803D /* SleepPlanCards.swift in Sources */,
				C2E1898433FE4503AD4765DB /* CompactStatusCard.swift in Sources */,
				837A745C7B9B471695166AEC /* CompactDoseButton.swift in Sources */,
				E3B41D5FFE162C7FC40E4FD4 /* AdaptiveLayouts.swift in Sources */,
				36C1109C06A24E03A747B9E6 /* SessionSummaryViews.swift in Sources */,
				B5040368A01046D0AA5193F1 /* QuickEventViews.swift in Sources */,
				AD5F630A482E47B183CDE516 /* DetailsView.swift in Sources */,
				EVT001 /* EventType.swift in Sources */,
				APC001 /* AppContainer.swift in Sources */,
				40BDAEDF308A4508940C55F7 /* AlarmService.swift in Sources */,
				DD45B910AB7B414A9948C5A9 /* URLRouter.swift in Sources */,
				BC3BD8377E674DB98BB83F35 /* InsightsCalculator.swift in Sources */,
				HK001 /* HealthKitService.swift in Sources */,
				SST001 /* SleepStageTimeline.swift in Sources */,
				SST003 /* SleepStageTimelineModels.swift in Sources */,
				SST005 /* SleepStageTimelineCards.swift in Sources */,
				WP001 /* WeeklyPlanner.swift in Sources */,
				HKP001 /* HealthKitProviding.swift in Sources */,
				UNDO003 /* UndoSnackbarView.swift in Sources */,
				UNDO005 /* MedicationSettingsView.swift in Sources */,
				UNDO007 /* MedicationPickerView.swift in Sources */,
				EDIT002 /* EditDoseTimeView.swift in Sources */,
				0A777B0D5CC54803B060A980 /* UserSettingsManager.swift in Sources */,
				626911F284B24C54BA73D7F8 /* SettingsView.swift in Sources */,
				SET001 /* SettingsSections.swift in Sources */,
				SET002 /* SettingsActions.swift in Sources */,
				SVS_BF01 /* HealthKitSettingsView.swift in Sources */,
				SVS_BF02 /* AboutView.swift in Sources */,
				SVS_BF03 /* EventCooldownSettingsView.swift in Sources */,
				SVS_BF04 /* DataManagementView.swift in Sources */,
				SVS_BF05 /* QuickLogCustomizationView.swift in Sources */,
				SVS_BF06 /* SettingsHelpers.swift in Sources */,
				68B3DB1D97734922B659 /* SleepPlanDetailView.swift in Sources */,
				1B86C969549644B2A31C /* DiagnosticLoggingSettingsView.swift in Sources */,
				81A5CD7A3DD244DEB70FA0B2 /* EventStorage.swift in Sources */,
				ESB001 /* EventStorage+Schema.swift in Sources */,
				ESB002 /* EventStorage+Session.swift in Sources */,
				ESB003 /* EventStorage+Exports.swift in Sources */,
				ESB004 /* EventStorage+EventStore.swift in Sources */,
				ESB005 /* StorageModels.swift in Sources */,
				ESB009 /* StorageRecordModels.swift in Sources */,
				ESB006 /* EventStorage+Dose.swift in Sources */,
				ESB007 /* EventStorage+PreSleep.swift in Sources */,
				ESB008 /* EventStorage+Maintenance.swift in Sources */,
				ESB021 /* EventStorage+MorningCheckIn.swift in Sources */,
				ESB022 /* EventStorage+CheckInSubmissions.swift in Sources */,
				ESB023 /* EventStorage+SessionSupport.swift in Sources */,
				92518D93643945F4B64E860F /* SessionRepository.swift in Sources */,
				SRQ001 /* SessionRepositoryQueries.swift in Sources */,
				SRQ002 /* SessionRepositoryMedication.swift in Sources */,
				SRQ003 /* SessionRepositoryCheckIn.swift in Sources */,
				SRQ004 /* SessionRepositorySchedule.swift in Sources */,
				SRQ006 /* SessionRepositorySync.swift in Sources */,
				D8746EA078A54AF7A8CE92B3 /* MorningCheckInView.swift in Sources */,
				MCI001 /* MorningCheckInModels.swift in Sources */,
				MCI002 /* MorningCheckInViewModel.swift in Sources */,
				MCI003 /* MorningCheckInViewModelSupport.swift in Sources */,
				MCI004 /* MorningCheckInWakeSurvey.swift in Sources */,
				MCI005 /* MorningCheckInSections.swift in Sources */,
				F94248D37BBE47A5A2E90C9B /* PreSleepLogView.swift in Sources */,
				PSL001 /* PreSleepLogComponents.swift in Sources */,
				PSL003 /* PreSleepLogTimingStressCard.swift in Sources */,
				PSL005 /* PreSleepLogBodySubstancesCard.swift in Sources */,
				PSL007 /* PreSleepLogActivityNapsCard.swift in Sources */,
				ACTB001 /* ActivityViewController.swift in Sources */,
				CAPB001 /* CapturePreviewSheet.swift in Sources */,
				01FF500944CC4F14A6E163C4 /* FullApp/DoseModels.swift in Sources */,
				05D399B5B86749ACB9CD89BF /* FullApp/KeychainHelper.swift in Sources */,
				E7EA21EC3FE949B3890BF69A /* FullApp/SetupWizardService.swift in Sources */,
				54E3599B814B4ACFBD87EA6B /* FullApp/SetupWizardView.swift in Sources */,
				SWZ001 /* FullApp/SetupWizardStepViews.swift in Sources */,
				SWZ003 /* FullApp/SetupWizardComponents.swift in Sources */,
				EA02466EA69547DF963A8BA7 /* WHOOPService.swift in Sources */,
				WHM001 /* WHOOPModels.swift in Sources */,
				46EBB63DD7FE446C8EEF4021 /* AnalyticsService.swift in Sources */,
				51117520922E2EF076DD4A81 /* DiagnosticExportView.swift in Sources */,
				D3796BF7DA596F5F9D63F096 /* TimeIntervalMath.swift in Sources */,
				C0E47E55D0CB89F0CCE49C2A /* AppTheme.swift in Sources */,
				801008E9567E13B12BC52116 /* DatabaseSecurity.swift in Sources */,
				F3296BD6A65A57599A202642 /* InputValidator.swift in Sources */,
				7C57BE36F02F850F7FE909C1 /* SecureLogger.swift in Sources */,
				8DA90A6B025231EACF48A8AD /* SecureConfig.swift in Sources */,
				194E929BA46514E973F8ACEE /* WHOOPSettingsView.swift in Sources */,
				FC82425609210406E72373A8 /* FlicButtonService.swift in Sources */,
				DAC001 /* DoseActionCoordinator.swift in Sources */,
				11C08ABBAF24106F948991D3 /* HighContrastColors.swift in Sources */,
				B264C67A3D970638F91FC1ED /* UndoStateManager.swift in Sources */,
				75396BE379F85EF05DC1AEE6 /* WHOOPDataFetching.swift in Sources */,
				49BABB381D1350BB62368638 /* ReducedMotionSupport.swift in Sources */,
				24CA1B0499D673C5227DA6EC /* SleepTimelineOverlays.swift in Sources */,
				D9B47E5F3E91E2F68102BA13 /* NightReviewView.swift in Sources */,
				NRV002 /* NightReviewHealthData.swift in Sources */,
				NRV004 /* NightReviewExport.swift in Sources */,
				NRV006 /* NightReviewPreSleep.swift in Sources */,
				NRV008 /* NightReviewMorning.swift in Sources */,
				NRV010 /* NightReviewSummary.swift in Sources */,
				FFCE63C8C666930BEE06D38F /* ThemeSettingsView.swift in Sources */,
				SSV001 /* SessionSupportViews.swift in Sources */,
				251486320D35FEA58E9D81CA /* EncryptedEventStorage.swift in Sources */,
				1B95E3AD96741FD0E9FED120 /* Secrets.swift in Sources */,
				CLUST101 /* DashboardModels.swift in Sources */,
				CLUST102 /* DashboardViews.swift in Sources */,
				CLUST105 /* DeferredCloudKitSyncService.swift in Sources */,
				CLUST107 /* DashboardTypes.swift in Sources */,
				CLUST108 /* DashboardAnalyticsRefresh.swift in Sources */,
				CLUST110 /* DashboardAnalyticsSupport.swift in Sources */,
				CLUST112 /* DashboardAnalyticsMetrics.swift in Sources */,
				CLUST114 /* DashboardAnalyticsPreSleep.swift in Sources */,
				CLUST116 /* DashboardAnalyticsCatalog.swift in Sources */,
				CLUST118 /* DashboardAnalyticsMorning.swift in Sources */,
				CLUST120 /* DashboardOverviewCards.swift in Sources */,
				CLUST122 /* DashboardTrendCards.swift in Sources */,
				CLUST124 /* DashboardInsightCards.swift in Sources */,
				CLUST103 /* TimelineReviewViews.swift in Sources */,
				TLR001 /* TimelineLiveCards.swift in Sources */,
				TLR002 /* TimelineReviewCards.swift in Sources */,
				TLR003 /* TimelineReviewSupport.swift in Sources */,
				CLUST104 /* HistoryViews.swift in Sources */,
				HIS001 /* HistorySelectedDayView.swift in Sources */,
				HIS002 /* HistorySessionListViews.swift in Sources */,
			);
			runOnlyForDeploymentPostprocessing = 0;
		};
		UI_SRC01 /* Sources */ = {
			isa = PBXSourcesBuildPhase;
			buildActionMask = 2147483647;
			files = (
				80D996632F5CFA280092DB29 /* Formatters.swift in Sources */,
				UI_B01 /* DoseTapUITests.swift in Sources */,
				UI_B02 /* DoseTapUITestsLaunchTests.swift in Sources */,
			);
			runOnlyForDeploymentPostprocessing = 0;
		};
/* End PBXSourcesBuildPhase section */

/* Begin PBXTargetDependency section */
		8017D5362EFCDF6A00BF9683 /* PBXTargetDependency */ = {
			isa = PBXTargetDependency;
			target = H01 /* DoseTap */;
			targetProxy = 8017D5352EFCDF6A00BF9683 /* PBXContainerItemProxy */;
		};
		UI_DEP01 /* PBXTargetDependency */ = {
			isa = PBXTargetDependency;
			target = H01 /* DoseTap */;
			targetProxy = UI_PROXY01 /* PBXContainerItemProxy */;
		};
/* End PBXTargetDependency section */

/* Begin XCBuildConfiguration section */
		37E9736BC8D5422FB0F78F08 /* Release */ = {
			isa = XCBuildConfiguration;
			buildSettings = {
				ASSETCATALOG_COMPILER_APPICON_NAME = AppIcon;
				ASSETCATALOG_COMPILER_GLOBAL_ACCENT_COLOR_NAME = AccentColor;
				CODE_SIGN_ENTITLEMENTS = DoseTap/DoseTap.NoCloud.entitlements;
				CODE_SIGN_STYLE = Automatic;
				CURRENT_PROJECT_VERSION = 1;
				DEVELOPMENT_ASSET_PATHS = "\"DoseTap/Preview Content\"";
				DEVELOPMENT_TEAM = PJ487S8PS6;
				ENABLE_PREVIEWS = YES;
				GENERATE_INFOPLIST_FILE = YES;
				INFOPLIST_FILE = DoseTap/Info.plist;
				INFOPLIST_KEY_CFBundleDisplayName = "DoseTap Staging";
				INFOPLIST_KEY_CFBundleName = "DoseTap Staging";
				INFOPLIST_KEY_DoseTapCloudSyncEnabled = NO;
				INFOPLIST_KEY_LSApplicationCategoryType = "public.app-category.medical";
				INFOPLIST_KEY_NSBluetoothAlwaysUsageDescription = "DoseTap can use Bluetooth if you connect a button directly.";
				INFOPLIST_KEY_NSBluetoothPeripheralUsageDescription = "DoseTap can use Bluetooth if you connect a button directly.";
				INFOPLIST_KEY_NSHealthShareUsageDescription = "DoseTap reads your sleep, heart rate, respiratory rate, resting heart rate, and HRV from Apple Health to relate dose timing to sleep quality.";
				INFOPLIST_KEY_NSHealthUpdateUsageDescription = "DoseTap does not write health data.";
				INFOPLIST_KEY_UIApplicationSceneManifest_Generation = YES;
				INFOPLIST_KEY_UIApplicationSupportsIndirectInputEvents = YES;
				INFOPLIST_KEY_UILaunchScreen_Generation = YES;
				INFOPLIST_KEY_UIRequiresFullScreen = NO;
				INFOPLIST_KEY_UIStatusBarStyle = UIStatusBarStyleDefault;
				INFOPLIST_KEY_UISupportedInterfaceOrientations_iPad = "UIInterfaceOrientationPortrait UIInterfaceOrientationPortraitUpsideDown UIInterfaceOrientationLandscapeLeft UIInterfaceOrientationLandscapeRight";
				INFOPLIST_KEY_UISupportedInterfaceOrientations_iPhone = "UIInterfaceOrientationPortrait UIInterfaceOrientationLandscapeLeft UIInterfaceOrientationLandscapeRight";
				IPHONEOS_DEPLOYMENT_TARGET = 16.0;
				LD_RUNPATH_SEARCH_PATHS = (
					"$(inherited)",
					"@executable_path/Frameworks",
				);
				MARKETING_VERSION = 0.3.2;
				PRODUCT_BUNDLE_IDENTIFIER = com.dosetap.staging;
				PRODUCT_NAME = DoseTapStaging;
				SWIFT_EMIT_LOC_STRINGS = YES;
				SWIFT_VERSION = 5.0;
				TARGETED_DEVICE_FAMILY = "1,2";
			};
			name = Release;
		};
		52B1380A990244798BBE967C /* Debug */ = {
			isa = XCBuildConfiguration;
			buildSettings = {
				ASSETCATALOG_COMPILER_APPICON_NAME = AppIcon;
				ASSETCATALOG_COMPILER_GLOBAL_ACCENT_COLOR_NAME = AccentColor;
				CODE_SIGN_ENTITLEMENTS = DoseTap/DoseTap.entitlements;
				CODE_SIGN_STYLE = Automatic;
				CURRENT_PROJECT_VERSION = 1;
				DEVELOPMENT_ASSET_PATHS = "\"DoseTap/Preview Content\"";
				DEVELOPMENT_TEAM = PJ487S8PS6;
				ENABLE_PREVIEWS = YES;
				GENERATE_INFOPLIST_FILE = YES;
				INFOPLIST_FILE = DoseTap/Info.plist;
				INFOPLIST_KEY_CFBundleDisplayName = "DoseTap Staging";
				INFOPLIST_KEY_CFBundleName = "DoseTap Staging";
				INFOPLIST_KEY_DoseTapCloudSyncEnabled = YES;
				INFOPLIST_KEY_LSApplicationCategoryType = "public.app-category.medical";
				INFOPLIST_KEY_NSBluetoothAlwaysUsageDescription = "DoseTap can use Bluetooth if you connect a button directly.";
				INFOPLIST_KEY_NSBluetoothPeripheralUsageDescription = "DoseTap can use Bluetooth if you connect a button directly.";
				INFOPLIST_KEY_NSHealthShareUsageDescription = "DoseTap reads your sleep, heart rate, respiratory rate, resting heart rate, and HRV from Apple Health to relate dose timing to sleep quality.";
				INFOPLIST_KEY_NSHealthUpdateUsageDescription = "DoseTap does not write health data.";
				INFOPLIST_KEY_UIApplicationSceneManifest_Generation = YES;
				INFOPLIST_KEY_UIApplicationSupportsIndirectInputEvents = YES;
				INFOPLIST_KEY_UILaunchScreen_Generation = YES;
				INFOPLIST_KEY_UIRequiresFullScreen = NO;
				INFOPLIST_KEY_UIStatusBarStyle = UIStatusBarStyleDefault;
				INFOPLIST_KEY_UISupportedInterfaceOrientations_iPad = "UIInterfaceOrientationPortrait UIInterfaceOrientationPortraitUpsideDown UIInterfaceOrientationLandscapeLeft UIInterfaceOrientationLandscapeRight";
				INFOPLIST_KEY_UISupportedInterfaceOrientations_iPhone = "UIInterfaceOrientationPortrait UIInterfaceOrientationLandscapeLeft UIInterfaceOrientationLandscapeRight";
				IPHONEOS_DEPLOYMENT_TARGET = 16.0;
				LD_RUNPATH_SEARCH_PATHS = (
					"$(inherited)",
					"@executable_path/Frameworks",
				);
				MARKETING_VERSION = 0.3.2;
				PRODUCT_BUNDLE_IDENTIFIER = com.dosetap.staging;
				PRODUCT_NAME = DoseTapStaging;
				SWIFT_EMIT_LOC_STRINGS = YES;
				SWIFT_VERSION = 5.0;
				TARGETED_DEVICE_FAMILY = "1,2";
			};
			name = Debug;
		};
		8017D5372EFCDF6A00BF9683 /* Debug */ = {
			isa = XCBuildConfiguration;
			buildSettings = {
				ASSETCATALOG_COMPILER_GENERATE_SWIFT_ASSET_SYMBOL_EXTENSIONS = YES;
				BUNDLE_LOADER = "$(TEST_HOST)";
				CLANG_WARN_BLOCK_CAPTURE_AUTORELEASING = YES;
				CLANG_WARN_BOOL_CONVERSION = YES;
				CLANG_WARN_COMMA = YES;
				CLANG_WARN_CONSTANT_CONVERSION = YES;
				CLANG_WARN_DEPRECATED_OBJC_IMPLEMENTATIONS = YES;
				CLANG_WARN_DIRECT_OBJC_ISA_USAGE = YES_ERROR;
				CLANG_WARN_DOCUMENTATION_COMMENTS = YES;
				CLANG_WARN_EMPTY_BODY = YES;
				CLANG_WARN_ENUM_CONVERSION = YES;
				CLANG_WARN_INFINITE_RECURSION = YES;
				CLANG_WARN_INT_CONVERSION = YES;
				CLANG_WARN_NON_LITERAL_NULL_CONVERSION = YES;
				CLANG_WARN_OBJC_IMPLICIT_RETAIN_SELF = YES;
				CLANG_WARN_OBJC_LITERAL_CONVERSION = YES;
				CLANG_WARN_OBJC_ROOT_CLASS = YES_ERROR;
				CLANG_WARN_QUOTED_INCLUDE_IN_FRAMEWORK_HEADER = YES;
				CLANG_WARN_RANGE_LOOP_ANALYSIS = YES;
				CLANG_WARN_STRICT_PROTOTYPES = YES;
				CLANG_WARN_SUSPICIOUS_MOVE = YES;
				CLANG_WARN_UNGUARDED_AVAILABILITY = YES_AGGRESSIVE;
				CLANG_WARN_UNREACHABLE_CODE = YES;
				CLANG_WARN__DUPLICATE_METHOD_MATCH = YES;
				CODE_SIGN_STYLE = Automatic;
				CURRENT_PROJECT_VERSION = 1;
				DEVELOPMENT_TEAM = PJ487S8PS6;
				ENABLE_USER_SCRIPT_SANDBOXING = YES;
				GCC_C_LANGUAGE_STANDARD = gnu17;
				GCC_WARN_64_TO_32_BIT_CONVERSION = YES;
				GCC_WARN_ABOUT_RETURN_TYPE = YES_ERROR;
				GCC_WARN_UNDECLARED_SELECTOR = YES;
				GCC_WARN_UNINITIALIZED_AUTOS = YES_AGGRESSIVE;
				GCC_WARN_UNUSED_FUNCTION = YES;
				GCC_WARN_UNUSED_VARIABLE = YES;
				GENERATE_INFOPLIST_FILE = YES;
				IPHONEOS_DEPLOYMENT_TARGET = 16.0;
				LOCALIZATION_PREFERS_STRING_CATALOGS = YES;
				MARKETING_VERSION = 0.1.0;
				PRODUCT_BUNDLE_IDENTIFIER = AxxessPhilly.DoseTapTests;
				PRODUCT_NAME = "$(TARGET_NAME)";
				STRING_CATALOG_GENERATE_SYMBOLS = NO;
				SWIFT_ACTIVE_COMPILATION_CONDITIONS = "DEBUG $(inherited)";
				SWIFT_APPROACHABLE_CONCURRENCY = YES;
				SWIFT_EMIT_LOC_STRINGS = NO;
				SWIFT_UPCOMING_FEATURE_MEMBER_IMPORT_VISIBILITY = YES;
				SWIFT_VERSION = 5.0;
				TARGETED_DEVICE_FAMILY = "1,2";
				TEST_HOST = "$(BUILT_PRODUCTS_DIR)/DoseTap.app/$(BUNDLE_EXECUTABLE_FOLDER_PATH)/DoseTap";
			};
			name = Debug;
		};
		8017D5382EFCDF6A00BF9683 /* Release */ = {
			isa = XCBuildConfiguration;
			buildSettings = {
				ASSETCATALOG_COMPILER_GENERATE_SWIFT_ASSET_SYMBOL_EXTENSIONS = YES;
				BUNDLE_LOADER = "$(TEST_HOST)";
				CLANG_WARN_BLOCK_CAPTURE_AUTORELEASING = YES;
				CLANG_WARN_BOOL_CONVERSION = YES;
				CLANG_WARN_COMMA = YES;
				CLANG_WARN_CONSTANT_CONVERSION = YES;
				CLANG_WARN_DEPRECATED_OBJC_IMPLEMENTATIONS = YES;
				CLANG_WARN_DIRECT_OBJC_ISA_USAGE = YES_ERROR;
				CLANG_WARN_DOCUMENTATION_COMMENTS = YES;
				CLANG_WARN_EMPTY_BODY = YES;
				CLANG_WARN_ENUM_CONVERSION = YES;
				CLANG_WARN_INFINITE_RECURSION = YES;
				CLANG_WARN_INT_CONVERSION = YES;
				CLANG_WARN_NON_LITERAL_NULL_CONVERSION = YES;
				CLANG_WARN_OBJC_IMPLICIT_RETAIN_SELF = YES;
				CLANG_WARN_OBJC_LITERAL_CONVERSION = YES;
				CLANG_WARN_OBJC_ROOT_CLASS = YES_ERROR;
				CLANG_WARN_QUOTED_INCLUDE_IN_FRAMEWORK_HEADER = YES;
				CLANG_WARN_RANGE_LOOP_ANALYSIS = YES;
				CLANG_WARN_STRICT_PROTOTYPES = YES;
				CLANG_WARN_SUSPICIOUS_MOVE = YES;
				CLANG_WARN_UNGUARDED_AVAILABILITY = YES_AGGRESSIVE;
				CLANG_WARN_UNREACHABLE_CODE = YES;
				CLANG_WARN__DUPLICATE_METHOD_MATCH = YES;
				CODE_SIGN_STYLE = Automatic;
				CURRENT_PROJECT_VERSION = 1;
				DEVELOPMENT_TEAM = PJ487S8PS6;
				ENABLE_USER_SCRIPT_SANDBOXING = YES;
				GCC_C_LANGUAGE_STANDARD = gnu17;
				GCC_WARN_64_TO_32_BIT_CONVERSION = YES;
				GCC_WARN_ABOUT_RETURN_TYPE = YES_ERROR;
				GCC_WARN_UNDECLARED_SELECTOR = YES;
				GCC_WARN_UNINITIALIZED_AUTOS = YES_AGGRESSIVE;
				GCC_WARN_UNUSED_FUNCTION = YES;
				GCC_WARN_UNUSED_VARIABLE = YES;
				GENERATE_INFOPLIST_FILE = YES;
				IPHONEOS_DEPLOYMENT_TARGET = 16.0;
				LOCALIZATION_PREFERS_STRING_CATALOGS = YES;
				MARKETING_VERSION = 0.1.0;
				PRODUCT_BUNDLE_IDENTIFIER = AxxessPhilly.DoseTapTests;
				PRODUCT_NAME = "$(TARGET_NAME)";
				STRING_CATALOG_GENERATE_SYMBOLS = NO;
				SWIFT_APPROACHABLE_CONCURRENCY = YES;
				SWIFT_EMIT_LOC_STRINGS = NO;
				SWIFT_UPCOMING_FEATURE_MEMBER_IMPORT_VISIBILITY = YES;
				SWIFT_VERSION = 5.0;
				TARGETED_DEVICE_FAMILY = "1,2";
				TEST_HOST = "$(BUILT_PRODUCTS_DIR)/DoseTap.app/$(BUNDLE_EXECUTABLE_FOLDER_PATH)/DoseTap";
			};
			name = Release;
		};
		N01 /* Debug */ = {
			isa = XCBuildConfiguration;
			buildSettings = {
				ALWAYS_SEARCH_USER_PATHS = NO;
				ASSETCATALOG_COMPILER_GENERATE_SWIFT_ASSET_SYMBOL_EXTENSIONS = YES;
				CLANG_ANALYZER_NONNULL = YES;
				CLANG_ANALYZER_NUMBER_OBJECT_CONVERSION = YES_AGGRESSIVE;
				CLANG_CXX_LANGUAGE_STANDARD = "gnu++20";
				CLANG_ENABLE_MODULES = YES;
				CLANG_ENABLE_OBJC_ARC = YES;
				CLANG_ENABLE_OBJC_WEAK = YES;
				CLANG_WARN_BLOCK_CAPTURE_AUTORELEASING = YES;
				CLANG_WARN_BOOL_CONVERSION = YES;
				CLANG_WARN_COMMA = YES;
				CLANG_WARN_CONSTANT_CONVERSION = YES;
				CLANG_WARN_DEPRECATED_OBJC_IMPLEMENTATIONS = YES;
				CLANG_WARN_DIRECT_OBJC_ISA_USAGE = YES_ERROR;
				CLANG_WARN_DOCUMENTATION_COMMENTS = YES;
				CLANG_WARN_EMPTY_BODY = YES;
				CLANG_WARN_ENUM_CONVERSION = YES;
				CLANG_WARN_INFINITE_RECURSION = YES;
				CLANG_WARN_INT_CONVERSION = YES;
				CLANG_WARN_NON_LITERAL_NULL_CONVERSION = YES;
				CLANG_WARN_OBJC_IMPLICIT_RETAIN_SELF = YES;
				CLANG_WARN_OBJC_LITERAL_CONVERSION = YES;
				CLANG_WARN_OBJC_ROOT_CLASS = YES_ERROR;
				CLANG_WARN_QUOTED_INCLUDE_IN_FRAMEWORK_HEADER = YES;
				CLANG_WARN_RANGE_LOOP_ANALYSIS = YES;
				CLANG_WARN_STRICT_PROTOTYPES = YES;
				CLANG_WARN_SUSPICIOUS_MOVE = YES;
				CLANG_WARN_UNGUARDED_AVAILABILITY = YES_AGGRESSIVE;
				CLANG_WARN_UNREACHABLE_CODE = YES;
				CLANG_WARN__DUPLICATE_METHOD_MATCH = YES;
				COPY_PHASE_STRIP = NO;
				DEAD_CODE_STRIPPING = YES;
				DEBUG_INFORMATION_FORMAT = dwarf;
				ENABLE_STRICT_OBJC_MSGSEND = YES;
				ENABLE_TESTABILITY = YES;
				ENABLE_USER_SCRIPT_SANDBOXING = YES;
				GCC_C_LANGUAGE_STANDARD = gnu17;
				GCC_DYNAMIC_NO_PIC = NO;
				GCC_NO_COMMON_BLOCKS = YES;
				GCC_OPTIMIZATION_LEVEL = 0;
				GCC_PREPROCESSOR_DEFINITIONS = (
					"DEBUG=1",
					"$(inherited)",
				);
				GCC_WARN_64_TO_32_BIT_CONVERSION = YES;
				GCC_WARN_ABOUT_RETURN_TYPE = YES_ERROR;
				GCC_WARN_UNDECLARED_SELECTOR = YES;
				GCC_WARN_UNINITIALIZED_AUTOS = YES_AGGRESSIVE;
				GCC_WARN_UNUSED_FUNCTION = YES;
				GCC_WARN_UNUSED_VARIABLE = YES;
				IPHONEOS_DEPLOYMENT_TARGET = 16.0;
				LOCALIZATION_PREFERS_STRING_CATALOGS = YES;
				MTL_ENABLE_DEBUG_INFO = INCLUDE_SOURCE;
				MTL_FAST_MATH = YES;
				ONLY_ACTIVE_ARCH = YES;
				SDKROOT = iphoneos;
				SWIFT_ACTIVE_COMPILATION_CONDITIONS = DEBUG;
				SWIFT_OPTIMIZATION_LEVEL = "-Onone";
			};
			name = Debug;
		};
		N02 /* Release */ = {
			isa = XCBuildConfiguration;
			buildSettings = {
				ALWAYS_SEARCH_USER_PATHS = NO;
				ASSETCATALOG_COMPILER_GENERATE_SWIFT_ASSET_SYMBOL_EXTENSIONS = YES;
				CLANG_ANALYZER_NONNULL = YES;
				CLANG_ANALYZER_NUMBER_OBJECT_CONVERSION = YES_AGGRESSIVE;
				CLANG_CXX_LANGUAGE_STANDARD = "gnu++20";
				CLANG_ENABLE_MODULES = YES;
				CLANG_ENABLE_OBJC_ARC = YES;
				CLANG_ENABLE_OBJC_WEAK = YES;
				CLANG_WARN_BLOCK_CAPTURE_AUTORELEASING = YES;
				CLANG_WARN_BOOL_CONVERSION = YES;
				CLANG_WARN_COMMA = YES;
				CLANG_WARN_CONSTANT_CONVERSION = YES;
				CLANG_WARN_DEPRECATED_OBJC_IMPLEMENTATIONS = YES;
				CLANG_WARN_DIRECT_OBJC_ISA_USAGE = YES_ERROR;
				CLANG_WARN_DOCUMENTATION_COMMENTS = YES;
				CLANG_WARN_EMPTY_BODY = YES;
				CLANG_WARN_ENUM_CONVERSION = YES;
				CLANG_WARN_INFINITE_RECURSION = YES;
				CLANG_WARN_INT_CONVERSION = YES;
				CLANG_WARN_NON_LITERAL_NULL_CONVERSION = YES;
				CLANG_WARN_OBJC_IMPLICIT_RETAIN_SELF = YES;
				CLANG_WARN_OBJC_LITERAL_CONVERSION = YES;
				CLANG_WARN_OBJC_ROOT_CLASS = YES_ERROR;
				CLANG_WARN_QUOTED_INCLUDE_IN_FRAMEWORK_HEADER = YES;
				CLANG_WARN_RANGE_LOOP_ANALYSIS = YES;
				CLANG_WARN_STRICT_PROTOTYPES = YES;
				CLANG_WARN_SUSPICIOUS_MOVE = YES;
				CLANG_WARN_UNGUARDED_AVAILABILITY = YES_AGGRESSIVE;
				CLANG_WARN_UNREACHABLE_CODE = YES;
				CLANG_WARN__DUPLICATE_METHOD_MATCH = YES;
				COPY_PHASE_STRIP = NO;
				DEAD_CODE_STRIPPING = YES;
				DEBUG_INFORMATION_FORMAT = "dwarf-with-dsym";
				ENABLE_NS_ASSERTIONS = NO;
				ENABLE_STRICT_OBJC_MSGSEND = YES;
				ENABLE_USER_SCRIPT_SANDBOXING = YES;
				GCC_C_LANGUAGE_STANDARD = gnu17;
				GCC_NO_COMMON_BLOCKS = YES;
				GCC_WARN_64_TO_32_BIT_CONVERSION = YES;
				GCC_WARN_ABOUT_RETURN_TYPE = YES_ERROR;
				GCC_WARN_UNDECLARED_SELECTOR = YES;
				GCC_WARN_UNINITIALIZED_AUTOS = YES_AGGRESSIVE;
				GCC_WARN_UNUSED_FUNCTION = YES;
				GCC_WARN_UNUSED_VARIABLE = YES;
				IPHONEOS_DEPLOYMENT_TARGET = 16.0;
				LOCALIZATION_PREFERS_STRING_CATALOGS = YES;
				MTL_ENABLE_DEBUG_INFO = NO;
				MTL_FAST_MATH = YES;
				SDKROOT = iphoneos;
				SWIFT_COMPILATION_MODE = wholemodule;
				SWIFT_OPTIMIZATION_LEVEL = "-O";
				VALIDATE_PRODUCT = YES;
			};
			name = Release;
		};
		O01 /* Debug */ = {
			isa = XCBuildConfiguration;
			buildSettings = {
				ASSETCATALOG_COMPILER_APPICON_NAME = AppIcon;
				ASSETCATALOG_COMPILER_GENERATE_SWIFT_ASSET_SYMBOL_EXTENSIONS = YES;
				ASSETCATALOG_COMPILER_GLOBAL_ACCENT_COLOR_NAME = AccentColor;
				CODE_SIGN_ENTITLEMENTS = DoseTap/DoseTap.NoCloud.entitlements;
				CODE_SIGN_STYLE = Automatic;
				CURRENT_PROJECT_VERSION = 1;
				DEAD_CODE_STRIPPING = YES;
				DEVELOPMENT_ASSET_PATHS = "\"DoseTap/Preview Content\"";
				DEVELOPMENT_TEAM = PJ487S8PS6;
				ENABLE_PREVIEWS = YES;
				ENABLE_USER_SCRIPT_SANDBOXING = YES;
				GENERATE_INFOPLIST_FILE = YES;
				INFOPLIST_FILE = DoseTap/Info.plist;
				INFOPLIST_KEY_CFBundleDisplayName = DoseTap;
				INFOPLIST_KEY_DoseTapCloudSyncEnabled = NO;
				INFOPLIST_KEY_ITSAppUsesNonExemptEncryption = NO;
				INFOPLIST_KEY_LSApplicationCategoryType = "public.app-category.medical";
				INFOPLIST_KEY_NSBluetoothAlwaysUsageDescription = "DoseTap can use Bluetooth if you connect a button directly.";
				INFOPLIST_KEY_NSBluetoothPeripheralUsageDescription = "DoseTap can use Bluetooth if you connect a button directly.";
				INFOPLIST_KEY_NSHealthShareUsageDescription = "DoseTap reads your sleep, heart rate, respiratory rate, resting heart rate, and HRV from Apple Health to relate dose timing to sleep quality.";
				INFOPLIST_KEY_NSHealthUpdateUsageDescription = "DoseTap does not write health data.";
				INFOPLIST_KEY_NSHumanReadableCopyright = "Copyright © 2026 DoseTap. All rights reserved.";
				INFOPLIST_KEY_UIApplicationSceneManifest_Generation = YES;
				INFOPLIST_KEY_UIApplicationSupportsIndirectInputEvents = YES;
				INFOPLIST_KEY_UILaunchScreen_Generation = YES;
				INFOPLIST_KEY_UIRequiresFullScreen = NO;
				INFOPLIST_KEY_UIStatusBarStyle = UIStatusBarStyleDefault;
				INFOPLIST_KEY_UISupportedInterfaceOrientations_iPad = "UIInterfaceOrientationPortrait UIInterfaceOrientationPortraitUpsideDown UIInterfaceOrientationLandscapeLeft UIInterfaceOrientationLandscapeRight";
				INFOPLIST_KEY_UISupportedInterfaceOrientations_iPhone = "UIInterfaceOrientationPortrait UIInterfaceOrientationLandscapeLeft UIInterfaceOrientationLandscapeRight";
				IPHONEOS_DEPLOYMENT_TARGET = 16.0;
				LD_RUNPATH_SEARCH_PATHS = (
					"$(inherited)",
					"@executable_path/Frameworks",
				);
				LOCALIZATION_PREFERS_STRING_CATALOGS = YES;
				MARKETING_VERSION = 0.3.2;
				PRODUCT_BUNDLE_IDENTIFIER = com.dosetap.ios;
				PRODUCT_NAME = DoseTap;
				SWIFT_EMIT_LOC_STRINGS = YES;
				SWIFT_VERSION = 5.0;
				TARGETED_DEVICE_FAMILY = "1,2";
			};
			name = Debug;
		};
		O02 /* Release */ = {
			isa = XCBuildConfiguration;
			buildSettings = {
				ASSETCATALOG_COMPILER_APPICON_NAME = AppIcon;
				ASSETCATALOG_COMPILER_GENERATE_SWIFT_ASSET_SYMBOL_EXTENSIONS = YES;
				ASSETCATALOG_COMPILER_GLOBAL_ACCENT_COLOR_NAME = AccentColor;
				CODE_SIGN_ENTITLEMENTS = DoseTap/DoseTap.NoCloud.entitlements;
				CODE_SIGN_STYLE = Automatic;
				CURRENT_PROJECT_VERSION = 1;
				DEAD_CODE_STRIPPING = YES;
				DEVELOPMENT_ASSET_PATHS = "\"DoseTap/Preview Content\"";
				DEVELOPMENT_TEAM = PJ487S8PS6;
				ENABLE_PREVIEWS = YES;
				ENABLE_USER_SCRIPT_SANDBOXING = YES;
				GENERATE_INFOPLIST_FILE = YES;
				INFOPLIST_FILE = DoseTap/Info.plist;
				INFOPLIST_KEY_CFBundleDisplayName = DoseTap;
				INFOPLIST_KEY_DoseTapCloudSyncEnabled = NO;
				INFOPLIST_KEY_ITSAppUsesNonExemptEncryption = NO;
				INFOPLIST_KEY_LSApplicationCategoryType = "public.app-category.medical";
				INFOPLIST_KEY_NSBluetoothAlwaysUsageDescription = "DoseTap can use Bluetooth if you connect a button directly.";
				INFOPLIST_KEY_NSBluetoothPeripheralUsageDescription = "DoseTap can use Bluetooth if you connect a button directly.";
				INFOPLIST_KEY_NSHealthShareUsageDescription = "DoseTap reads your sleep, heart rate, respiratory rate, resting heart rate, and HRV from Apple Health to relate dose timing to sleep quality.";
				INFOPLIST_KEY_NSHealthUpdateUsageDescription = "DoseTap does not write health data.";
				INFOPLIST_KEY_NSHumanReadableCopyright = "Copyright © 2026 DoseTap. All rights reserved.";
				INFOPLIST_KEY_UIApplicationSceneManifest_Generation = YES;
				INFOPLIST_KEY_UIApplicationSupportsIndirectInputEvents = YES;
				INFOPLIST_KEY_UILaunchScreen_Generation = YES;
				INFOPLIST_KEY_UIRequiresFullScreen = NO;
				INFOPLIST_KEY_UIStatusBarStyle = UIStatusBarStyleDefault;
				INFOPLIST_KEY_UISupportedInterfaceOrientations_iPad = "UIInterfaceOrientationPortrait UIInterfaceOrientationPortraitUpsideDown UIInterfaceOrientationLandscapeLeft UIInterfaceOrientationLandscapeRight";
				INFOPLIST_KEY_UISupportedInterfaceOrientations_iPhone = "UIInterfaceOrientationPortrait UIInterfaceOrientationLandscapeLeft UIInterfaceOrientationLandscapeRight";
				IPHONEOS_DEPLOYMENT_TARGET = 16.0;
				LD_RUNPATH_SEARCH_PATHS = (
					"$(inherited)",
					"@executable_path/Frameworks",
				);
				LOCALIZATION_PREFERS_STRING_CATALOGS = YES;
				MARKETING_VERSION = 0.3.2;
				PRODUCT_BUNDLE_IDENTIFIER = com.dosetap.ios;
				PRODUCT_NAME = DoseTap;
				SWIFT_EMIT_LOC_STRINGS = YES;
				SWIFT_VERSION = 5.0;
				TARGETED_DEVICE_FAMILY = "1,2";
			};
			name = Release;
		};
		UI_CFG_D /* Debug */ = {
			isa = XCBuildConfiguration;
			buildSettings = {
				CODE_SIGN_STYLE = Automatic;
				CURRENT_PROJECT_VERSION = 1;
				DEVELOPMENT_TEAM = PJ487S8PS6;
				GENERATE_INFOPLIST_FILE = YES;
				IPHONEOS_DEPLOYMENT_TARGET = 16.0;
				MARKETING_VERSION = 0.1.0;
				PRODUCT_BUNDLE_IDENTIFIER = AxxessPhilly.DoseTapUITests;
				PRODUCT_NAME = "$(TARGET_NAME)";
				SWIFT_EMIT_LOC_STRINGS = NO;
				SWIFT_VERSION = 5.0;
				TARGETED_DEVICE_FAMILY = "1,2";
				TEST_TARGET_NAME = DoseTap;
			};
			name = Debug;
		};
		UI_CFG_R /* Release */ = {
			isa = XCBuildConfiguration;
			buildSettings = {
				CODE_SIGN_STYLE = Automatic;
				CURRENT_PROJECT_VERSION = 1;
				DEVELOPMENT_TEAM = PJ487S8PS6;
				GENERATE_INFOPLIST_FILE = YES;
				IPHONEOS_DEPLOYMENT_TARGET = 16.0;
				MARKETING_VERSION = 0.1.0;
				PRODUCT_BUNDLE_IDENTIFIER = AxxessPhilly.DoseTapUITests;
				PRODUCT_NAME = "$(TARGET_NAME)";
				SWIFT_EMIT_LOC_STRINGS = NO;
				SWIFT_VERSION = 5.0;
				TARGETED_DEVICE_FAMILY = "1,2";
				TEST_TARGET_NAME = DoseTap;
			};
			name = Release;
		};
/* End XCBuildConfiguration section */

/* Begin XCConfigurationList section */
		8017D5392EFCDF6A00BF9683 /* Build configuration list for PBXNativeTarget "DoseTapTests" */ = {
			isa = XCConfigurationList;
			buildConfigurations = (
				8017D5372EFCDF6A00BF9683 /* Debug */,
				8017D5382EFCDF6A00BF9683 /* Release */,
			);
			defaultConfigurationIsVisible = 0;
			defaultConfigurationName = Release;
		};
		C003C8AE7F7B4650B2984ABC /* Build configuration list for PBXNativeTarget "DoseTapStaging" */ = {
			isa = XCConfigurationList;
			buildConfigurations = (
				52B1380A990244798BBE967C /* Debug */,
				37E9736BC8D5422FB0F78F08 /* Release */,
			);
			defaultConfigurationIsVisible = 0;
			defaultConfigurationName = Release;
		};
		I01 /* Build configuration list for PBXNativeTarget "DoseTap" */ = {
			isa = XCConfigurationList;
			buildConfigurations = (
				O01 /* Debug */,
				O02 /* Release */,
			);
			defaultConfigurationIsVisible = 0;
			defaultConfigurationName = Release;
		};
		M01 /* Build configuration list for PBXProject "DoseTap" */ = {
			isa = XCConfigurationList;
			buildConfigurations = (
				N01 /* Debug */,
				N02 /* Release */,
			);
			defaultConfigurationIsVisible = 0;
			defaultConfigurationName = Release;
		};
		UI_CFGL01 /* Build configuration list for PBXNativeTarget "DoseTapUITests" */ = {
			isa = XCConfigurationList;
			buildConfigurations = (
				UI_CFG_D /* Debug */,
				UI_CFG_R /* Release */,
			);
			defaultConfigurationIsVisible = 0;
			defaultConfigurationName = Release;
		};
/* End XCConfigurationList section */

/* Begin XCLocalSwiftPackageReference section */
		Q01 /* XCLocalSwiftPackageReference ".." */ = {
			isa = XCLocalSwiftPackageReference;
			relativePath = ..;
		};
/* End XCLocalSwiftPackageReference section */

/* Begin XCSwiftPackageProductDependency section */
		P01 /* DoseCore */ = {
			isa = XCSwiftPackageProductDependency;
			package = Q01 /* XCLocalSwiftPackageReference ".." */;
			productName = DoseCore;
		};
/* End XCSwiftPackageProductDependency section */
	};
	rootObject = L01 /* Project object */;
}
